// !$*UTF8*$!
{
	archiveVersion = 1;
	classes = {
	};
	objectVersion = 51;
	objects = {

/* Begin PBXBuildFile section */
		1016AEE925296C3D0030287F /* TransactionByDay.swift in Sources */ = {isa = PBXBuildFile; fileRef = 1016AEE825296C3D0030287F /* TransactionByDay.swift */; };
		28617CD52519AD8C00A9E4E0 /* AccountViewController.swift in Sources */ = {isa = PBXBuildFile; fileRef = 28617CD42519AD8C00A9E4E0 /* AccountViewController.swift */; };
		28617CD92519AF5600A9E4E0 /* AccountTableViewCell.swift in Sources */ = {isa = PBXBuildFile; fileRef = 28617CD72519AF5600A9E4E0 /* AccountTableViewCell.swift */; };
		28617CDA2519AF5600A9E4E0 /* AccountTableViewCell.xib in Resources */ = {isa = PBXBuildFile; fileRef = 28617CD82519AF5600A9E4E0 /* AccountTableViewCell.xib */; };
		4C30DA5A251B23A500768482 /* Calendar.storyboard in Resources */ = {isa = PBXBuildFile; fileRef = 4C30DA59251B23A500768482 /* Calendar.storyboard */; };
		4C30DA5C251B23E600768482 /* CalendarViewController.swift in Sources */ = {isa = PBXBuildFile; fileRef = 4C30DA5B251B23E600768482 /* CalendarViewController.swift */; };
		4C30DA5E251B430A00768482 /* Category.storyboard in Resources */ = {isa = PBXBuildFile; fileRef = 4C30DA5D251B430A00768482 /* Category.storyboard */; };
		4C30DA61251B441B00768482 /* CategoryViewController.swift in Sources */ = {isa = PBXBuildFile; fileRef = 4C30DA60251B441B00768482 /* CategoryViewController.swift */; };
		4C30DA65251B44DA00768482 /* CategoryCell.swift in Sources */ = {isa = PBXBuildFile; fileRef = 4C30DA63251B44DA00768482 /* CategoryCell.swift */; };
		4C30DA66251B44DA00768482 /* CategoryCell.xib in Resources */ = {isa = PBXBuildFile; fileRef = 4C30DA64251B44DA00768482 /* CategoryCell.xib */; };
		4C30DA68251B460D00768482 /* Category.swift in Sources */ = {isa = PBXBuildFile; fileRef = 4C30DA67251B460D00768482 /* Category.swift */; };
		4C30DA6A251B539200768482 /* RevenueArray.plist in Resources */ = {isa = PBXBuildFile; fileRef = 4C30DA69251B539200768482 /* RevenueArray.plist */; };
		4C4E29D6251DACDA0015E783 /* NumericKeyboard.swift in Sources */ = {isa = PBXBuildFile; fileRef = 4C4E29D5251DACDA0015E783 /* NumericKeyboard.swift */; };
		4C4E29D8251DF69D0015E783 /* Event.swift in Sources */ = {isa = PBXBuildFile; fileRef = 4C4E29D7251DF69D0015E783 /* Event.swift */; };
		4C6C53E725217D0800E7D3F0 /* EventIcon.storyboard in Resources */ = {isa = PBXBuildFile; fileRef = 4C6C53E625217D0800E7D3F0 /* EventIcon.storyboard */; };
		4C6C53E925217D3800E7D3F0 /* EventIconViewController.swift in Sources */ = {isa = PBXBuildFile; fileRef = 4C6C53E825217D3800E7D3F0 /* EventIconViewController.swift */; };
		4C6C53ED25217F5100E7D3F0 /* CategoryIconCell.swift in Sources */ = {isa = PBXBuildFile; fileRef = 4C6C53EB25217F5100E7D3F0 /* CategoryIconCell.swift */; };
		4C6C53EE25217F5100E7D3F0 /* CategoryIconCell.xib in Resources */ = {isa = PBXBuildFile; fileRef = 4C6C53EC25217F5100E7D3F0 /* CategoryIconCell.xib */; };
		4C6C53F02521932500E7D3F0 /* Screen.swift in Sources */ = {isa = PBXBuildFile; fileRef = 4C6C53EF2521932500E7D3F0 /* Screen.swift */; };
		4C6C68D7252572830086BF55 /* ChoiseEvent.storyboard in Resources */ = {isa = PBXBuildFile; fileRef = 4C6C68D6252572830086BF55 /* ChoiseEvent.storyboard */; };
		4C6C68D9252573780086BF55 /* ChoiseEventTableViewController.swift in Sources */ = {isa = PBXBuildFile; fileRef = 4C6C68D8252573780086BF55 /* ChoiseEventTableViewController.swift */; };
		4C6FB0142522D2EA0095F3FD /* TabBarViewController.swift in Sources */ = {isa = PBXBuildFile; fileRef = 4C6FB0132522D2EA0095F3FD /* TabBarViewController.swift */; };
		4C6FB0162522D9B90095F3FD /* NavigationViewController.swift in Sources */ = {isa = PBXBuildFile; fileRef = 4C6FB0152522D9B90095F3FD /* NavigationViewController.swift */; };
		4C6FB01925233F130095F3FD /* TransactionDetail.storyboard in Resources */ = {isa = PBXBuildFile; fileRef = 4C6FB01825233F130095F3FD /* TransactionDetail.storyboard */; };
		4C6FB01B252343C60095F3FD /* TransactionDetailTableViewController.swift in Sources */ = {isa = PBXBuildFile; fileRef = 4C6FB01A252343C60095F3FD /* TransactionDetailTableViewController.swift */; };
		4C81AA31251C4E4200B60CC4 /* ExpenseArray.plist in Resources */ = {isa = PBXBuildFile; fileRef = 4C81AA30251C4E4200B60CC4 /* ExpenseArray.plist */; };
		4C8DB91225199F2400FABC11 /* NoteViewController.swift in Sources */ = {isa = PBXBuildFile; fileRef = 4C8DB91025199F2400FABC11 /* NoteViewController.swift */; };
		4C8DB91625199F8400FABC11 /* Storyboard.swift in Sources */ = {isa = PBXBuildFile; fileRef = 4C8DB91525199F8400FABC11 /* Storyboard.swift */; };
		4C8DB9182519AD6D00FABC11 /* Note.storyboard in Resources */ = {isa = PBXBuildFile; fileRef = 4C8DB9172519AD6D00FABC11 /* Note.storyboard */; };
		4C8E4BF22514B767005B238B /* Year.swift in Sources */ = {isa = PBXBuildFile; fileRef = 4C8E4BF12514B767005B238B /* Year.swift */; };
		4C8E4BF92514C332005B238B /* HeaderTransactionView.swift in Sources */ = {isa = PBXBuildFile; fileRef = 4C8E4BF82514C332005B238B /* HeaderTransactionView.swift */; };
		4C8E4BFB2514C33C005B238B /* HeaderTransactionView.xib in Resources */ = {isa = PBXBuildFile; fileRef = 4C8E4BFA2514C33C005B238B /* HeaderTransactionView.xib */; };
		4C9FF3CF2521A1E40027D02F /* AddTransaction.storyboard in Resources */ = {isa = PBXBuildFile; fileRef = 4C9FF3CE2521A1E40027D02F /* AddTransaction.storyboard */; };
		4C9FF3D32521BD760027D02F /* Transaction.storyboard in Resources */ = {isa = PBXBuildFile; fileRef = 4C9FF3D22521BD760027D02F /* Transaction.storyboard */; };
		4C9FF3D92521C6C60027D02F /* Plan.storyboard in Resources */ = {isa = PBXBuildFile; fileRef = 4C9FF3D82521C6C60027D02F /* Plan.storyboard */; };
		4C9FF3DE2521C8F80027D02F /* Account.storyboard in Resources */ = {isa = PBXBuildFile; fileRef = 4C9FF3DD2521C8F80027D02F /* Account.storyboard */; };
		4C9FF3E02521CB5B0027D02F /* Setting.storyboard in Resources */ = {isa = PBXBuildFile; fileRef = 4C9FF3DF2521CB5B0027D02F /* Setting.storyboard */; };
		4CC87D3D25136D9100A3B9BD /* AppDelegate.swift in Sources */ = {isa = PBXBuildFile; fileRef = 4CC87D3C25136D9100A3B9BD /* AppDelegate.swift */; };
		4CC87D3F25136D9100A3B9BD /* SceneDelegate.swift in Sources */ = {isa = PBXBuildFile; fileRef = 4CC87D3E25136D9100A3B9BD /* SceneDelegate.swift */; };
		4CC87D4125136D9100A3B9BD /* TransactionsViewController.swift in Sources */ = {isa = PBXBuildFile; fileRef = 4CC87D4025136D9100A3B9BD /* TransactionsViewController.swift */; };
		4CC87D4425136D9100A3B9BD /* Main.storyboard in Resources */ = {isa = PBXBuildFile; fileRef = 4CC87D4225136D9100A3B9BD /* Main.storyboard */; };
		4CC87D4625136D9300A3B9BD /* Assets.xcassets in Resources */ = {isa = PBXBuildFile; fileRef = 4CC87D4525136D9300A3B9BD /* Assets.xcassets */; };
		4CC87D4925136D9300A3B9BD /* LaunchScreen.storyboard in Resources */ = {isa = PBXBuildFile; fileRef = 4CC87D4725136D9300A3B9BD /* LaunchScreen.storyboard */; };
		4CCA96EA2526C7E9005A2FEC /* DBManager.swift in Sources */ = {isa = PBXBuildFile; fileRef = 4CCA96E92526C7E9005A2FEC /* DBManager.swift */; };
		4CCA96F125272C47005A2FEC /* TransactionType.swift in Sources */ = {isa = PBXBuildFile; fileRef = 4CCA96F025272C47005A2FEC /* TransactionType.swift */; };
		4CE2DF2C252AB935009D32E5 /* Int+.swift in Sources */ = {isa = PBXBuildFile; fileRef = 4CE2DF2B252AB935009D32E5 /* Int+.swift */; };
		4CE313A1251852F000553415 /* TransactionCell.swift in Sources */ = {isa = PBXBuildFile; fileRef = 4CE3139F251852F000553415 /* TransactionCell.swift */; };
		4CE313A2251852F000553415 /* TransactionCell.xib in Resources */ = {isa = PBXBuildFile; fileRef = 4CE313A0251852F000553415 /* TransactionCell.xib */; };
		4CE313A525187E1000553415 /* AddTransactionTableViewController.swift in Sources */ = {isa = PBXBuildFile; fileRef = 4CE313A425187E1000553415 /* AddTransactionTableViewController.swift */; };
		4CE437EE25257DC80089DEDA /* AddEventCell.swift in Sources */ = {isa = PBXBuildFile; fileRef = 4CE437EC25257DC80089DEDA /* AddEventCell.swift */; };
		4CE437EF25257DC80089DEDA /* AddEventCell.xib in Resources */ = {isa = PBXBuildFile; fileRef = 4CE437ED25257DC80089DEDA /* AddEventCell.xib */; };
		9B8131CC251AE56F0088F6A6 /* SettingsTableViewController.swift in Sources */ = {isa = PBXBuildFile; fileRef = 9B8131CB251AE56F0088F6A6 /* SettingsTableViewController.swift */; };
		B01990675D86B85E1096B97E /* Pods_MoneyLoverClone.framework in Frameworks */ = {isa = PBXBuildFile; fileRef = 85075FE022A5A78A17A42D32 /* Pods_MoneyLoverClone.framework */; };
		C5E247DEBB952E86903C3B2A /* Pods_MoneyLoverClone.framework in Frameworks */ = {isa = PBXBuildFile; fileRef = 1B814BB2CF2CF6C94CC6F942 /* Pods_MoneyLoverClone.framework */; };
		CF14E4EB2522D8D500F6A235 /* PlanningTableViewController.swift in Sources */ = {isa = PBXBuildFile; fileRef = CF14E4EA2522D8D500F6A235 /* PlanningTableViewController.swift */; };
		CF14E4F22523216600F6A235 /* ImageDelegate.swift in Sources */ = {isa = PBXBuildFile; fileRef = CF14E4F12523216600F6A235 /* ImageDelegate.swift */; };
		CF52DB4D2525C3E00096585B /* EventTableViewCell.xib in Resources */ = {isa = PBXBuildFile; fileRef = CF52DB492525C3DB0096585B /* EventTableViewCell.xib */; };
		CF52DB4E2525C3E00096585B /* EventTableViewCell.swift in Sources */ = {isa = PBXBuildFile; fileRef = CF52DB4A2525C3DB0096585B /* EventTableViewCell.swift */; };
		CF52DB4F2525C3E00096585B /* Event.storyboard in Resources */ = {isa = PBXBuildFile; fileRef = CF52DB4B2525C3DE0096585B /* Event.storyboard */; };
		CF52DB502525C3E00096585B /* EventViewController.swift in Sources */ = {isa = PBXBuildFile; fileRef = CF52DB4C2525C3E00096585B /* EventViewController.swift */; };
		CF52DB572525C4760096585B /* AddEvent.storyboard in Resources */ = {isa = PBXBuildFile; fileRef = CF52DB552525C4720096585B /* AddEvent.storyboard */; };
		CF52DB582525C4760096585B /* AddEventTableViewController.swift in Sources */ = {isa = PBXBuildFile; fileRef = CF52DB562525C4760096585B /* AddEventTableViewController.swift */; };
		CF62DC15252D627B00BF2490 /* ChangePassWord.storyboard in Resources */ = {isa = PBXBuildFile; fileRef = CF62DC13252D627900BF2490 /* ChangePassWord.storyboard */; };
		CF62DC16252D627B00BF2490 /* ChangePasswordViewController.swift in Sources */ = {isa = PBXBuildFile; fileRef = CF62DC14252D627B00BF2490 /* ChangePasswordViewController.swift */; };
		CF62DC1A252D62DA00BF2490 /* TransactionsOfDetailViewController.swift in Sources */ = {isa = PBXBuildFile; fileRef = CF62DC17252D62DA00BF2490 /* TransactionsOfDetailViewController.swift */; };
		CF62DC1B252D62DA00BF2490 /* DetailEvent.storyboard in Resources */ = {isa = PBXBuildFile; fileRef = CF62DC18252D62DA00BF2490 /* DetailEvent.storyboard */; };
		CF62DC1D252D669100BF2490 /* String+.swift in Sources */ = {isa = PBXBuildFile; fileRef = 4CE2DF2D252AC67E009D32E5 /* String+.swift */; };
		CFCAF80E252B12CC00C7AE27 /* Transaction.swift in Sources */ = {isa = PBXBuildFile; fileRef = 4CCA96EB2526D750005A2FEC /* Transaction.swift */; };
/* End PBXBuildFile section */

/* Begin PBXFileReference section */
		1016AEE825296C3D0030287F /* TransactionByDay.swift */ = {isa = PBXFileReference; lastKnownFileType = sourcecode.swift; path = TransactionByDay.swift; sourceTree = "<group>"; };
		1B814BB2CF2CF6C94CC6F942 /* Pods_MoneyLoverClone.framework */ = {isa = PBXFileReference; explicitFileType = wrapper.framework; includeInIndex = 0; path = Pods_MoneyLoverClone.framework; sourceTree = BUILT_PRODUCTS_DIR; };
		28617CD42519AD8C00A9E4E0 /* AccountViewController.swift */ = {isa = PBXFileReference; lastKnownFileType = sourcecode.swift; path = AccountViewController.swift; sourceTree = "<group>"; };
		28617CD72519AF5600A9E4E0 /* AccountTableViewCell.swift */ = {isa = PBXFileReference; lastKnownFileType = sourcecode.swift; path = AccountTableViewCell.swift; sourceTree = "<group>"; };
		28617CD82519AF5600A9E4E0 /* AccountTableViewCell.xib */ = {isa = PBXFileReference; lastKnownFileType = file.xib; path = AccountTableViewCell.xib; sourceTree = "<group>"; };
		4C30DA59251B23A500768482 /* Calendar.storyboard */ = {isa = PBXFileReference; lastKnownFileType = file.storyboard; path = Calendar.storyboard; sourceTree = "<group>"; };
		4C30DA5B251B23E600768482 /* CalendarViewController.swift */ = {isa = PBXFileReference; lastKnownFileType = sourcecode.swift; path = CalendarViewController.swift; sourceTree = "<group>"; };
		4C30DA5D251B430A00768482 /* Category.storyboard */ = {isa = PBXFileReference; lastKnownFileType = file.storyboard; path = Category.storyboard; sourceTree = "<group>"; };
		4C30DA60251B441B00768482 /* CategoryViewController.swift */ = {isa = PBXFileReference; lastKnownFileType = sourcecode.swift; path = CategoryViewController.swift; sourceTree = "<group>"; };
		4C30DA63251B44DA00768482 /* CategoryCell.swift */ = {isa = PBXFileReference; lastKnownFileType = sourcecode.swift; path = CategoryCell.swift; sourceTree = "<group>"; };
		4C30DA64251B44DA00768482 /* CategoryCell.xib */ = {isa = PBXFileReference; lastKnownFileType = file.xib; path = CategoryCell.xib; sourceTree = "<group>"; };
		4C30DA67251B460D00768482 /* Category.swift */ = {isa = PBXFileReference; lastKnownFileType = sourcecode.swift; path = Category.swift; sourceTree = "<group>"; };
		4C30DA69251B539200768482 /* RevenueArray.plist */ = {isa = PBXFileReference; lastKnownFileType = text.plist.xml; path = RevenueArray.plist; sourceTree = "<group>"; };
		4C4E29D5251DACDA0015E783 /* NumericKeyboard.swift */ = {isa = PBXFileReference; lastKnownFileType = sourcecode.swift; path = NumericKeyboard.swift; sourceTree = "<group>"; };
		4C4E29D7251DF69D0015E783 /* Event.swift */ = {isa = PBXFileReference; fileEncoding = 4; lastKnownFileType = sourcecode.swift; path = Event.swift; sourceTree = "<group>"; };
		4C6C53E625217D0800E7D3F0 /* EventIcon.storyboard */ = {isa = PBXFileReference; lastKnownFileType = file.storyboard; path = EventIcon.storyboard; sourceTree = "<group>"; };
		4C6C53E825217D3800E7D3F0 /* EventIconViewController.swift */ = {isa = PBXFileReference; lastKnownFileType = sourcecode.swift; path = EventIconViewController.swift; sourceTree = "<group>"; };
		4C6C53EB25217F5100E7D3F0 /* CategoryIconCell.swift */ = {isa = PBXFileReference; lastKnownFileType = sourcecode.swift; path = CategoryIconCell.swift; sourceTree = "<group>"; };
		4C6C53EC25217F5100E7D3F0 /* CategoryIconCell.xib */ = {isa = PBXFileReference; lastKnownFileType = file.xib; path = CategoryIconCell.xib; sourceTree = "<group>"; };
		4C6C53EF2521932500E7D3F0 /* Screen.swift */ = {isa = PBXFileReference; lastKnownFileType = sourcecode.swift; path = Screen.swift; sourceTree = "<group>"; };
		4C6C68D6252572830086BF55 /* ChoiseEvent.storyboard */ = {isa = PBXFileReference; lastKnownFileType = file.storyboard; path = ChoiseEvent.storyboard; sourceTree = "<group>"; };
		4C6C68D8252573780086BF55 /* ChoiseEventTableViewController.swift */ = {isa = PBXFileReference; lastKnownFileType = sourcecode.swift; path = ChoiseEventTableViewController.swift; sourceTree = "<group>"; };
		4C6FB0132522D2EA0095F3FD /* TabBarViewController.swift */ = {isa = PBXFileReference; lastKnownFileType = sourcecode.swift; path = TabBarViewController.swift; sourceTree = "<group>"; };
		4C6FB0152522D9B90095F3FD /* NavigationViewController.swift */ = {isa = PBXFileReference; lastKnownFileType = sourcecode.swift; path = NavigationViewController.swift; sourceTree = "<group>"; };
		4C6FB01825233F130095F3FD /* TransactionDetail.storyboard */ = {isa = PBXFileReference; lastKnownFileType = file.storyboard; path = TransactionDetail.storyboard; sourceTree = "<group>"; };
		4C6FB01A252343C60095F3FD /* TransactionDetailTableViewController.swift */ = {isa = PBXFileReference; lastKnownFileType = sourcecode.swift; path = TransactionDetailTableViewController.swift; sourceTree = "<group>"; };
		4C81AA30251C4E4200B60CC4 /* ExpenseArray.plist */ = {isa = PBXFileReference; lastKnownFileType = text.plist.xml; path = ExpenseArray.plist; sourceTree = "<group>"; };
		4C8DB91025199F2400FABC11 /* NoteViewController.swift */ = {isa = PBXFileReference; lastKnownFileType = sourcecode.swift; path = NoteViewController.swift; sourceTree = "<group>"; };
		4C8DB91525199F8400FABC11 /* Storyboard.swift */ = {isa = PBXFileReference; lastKnownFileType = sourcecode.swift; path = Storyboard.swift; sourceTree = "<group>"; };
		4C8DB9172519AD6D00FABC11 /* Note.storyboard */ = {isa = PBXFileReference; lastKnownFileType = file.storyboard; path = Note.storyboard; sourceTree = "<group>"; };
		4C8E4BF12514B767005B238B /* Year.swift */ = {isa = PBXFileReference; lastKnownFileType = sourcecode.swift; path = Year.swift; sourceTree = "<group>"; };
		4C8E4BF82514C332005B238B /* HeaderTransactionView.swift */ = {isa = PBXFileReference; lastKnownFileType = sourcecode.swift; path = HeaderTransactionView.swift; sourceTree = "<group>"; };
		4C8E4BFA2514C33C005B238B /* HeaderTransactionView.xib */ = {isa = PBXFileReference; lastKnownFileType = file.xib; path = HeaderTransactionView.xib; sourceTree = "<group>"; };
		4C9FF3CE2521A1E40027D02F /* AddTransaction.storyboard */ = {isa = PBXFileReference; fileEncoding = 4; lastKnownFileType = file.storyboard; path = AddTransaction.storyboard; sourceTree = "<group>"; };
		4C9FF3D22521BD760027D02F /* Transaction.storyboard */ = {isa = PBXFileReference; fileEncoding = 4; lastKnownFileType = file.storyboard; path = Transaction.storyboard; sourceTree = "<group>"; };
		4C9FF3D82521C6C60027D02F /* Plan.storyboard */ = {isa = PBXFileReference; fileEncoding = 4; lastKnownFileType = file.storyboard; path = Plan.storyboard; sourceTree = "<group>"; };
		4C9FF3DD2521C8F80027D02F /* Account.storyboard */ = {isa = PBXFileReference; fileEncoding = 4; lastKnownFileType = file.storyboard; path = Account.storyboard; sourceTree = "<group>"; };
		4C9FF3DF2521CB5B0027D02F /* Setting.storyboard */ = {isa = PBXFileReference; lastKnownFileType = file.storyboard; path = Setting.storyboard; sourceTree = "<group>"; };
		4CC87D3925136D9100A3B9BD /* MoneyLoverClone.app */ = {isa = PBXFileReference; explicitFileType = wrapper.application; includeInIndex = 0; path = MoneyLoverClone.app; sourceTree = BUILT_PRODUCTS_DIR; };
		4CC87D3C25136D9100A3B9BD /* AppDelegate.swift */ = {isa = PBXFileReference; lastKnownFileType = sourcecode.swift; path = AppDelegate.swift; sourceTree = "<group>"; };
		4CC87D3E25136D9100A3B9BD /* SceneDelegate.swift */ = {isa = PBXFileReference; lastKnownFileType = sourcecode.swift; path = SceneDelegate.swift; sourceTree = "<group>"; };
		4CC87D4025136D9100A3B9BD /* TransactionsViewController.swift */ = {isa = PBXFileReference; lastKnownFileType = sourcecode.swift; path = TransactionsViewController.swift; sourceTree = "<group>"; };
		4CC87D4325136D9100A3B9BD /* Base */ = {isa = PBXFileReference; lastKnownFileType = file.storyboard; name = Base; path = Base.lproj/Main.storyboard; sourceTree = "<group>"; };
		4CC87D4525136D9300A3B9BD /* Assets.xcassets */ = {isa = PBXFileReference; lastKnownFileType = folder.assetcatalog; path = Assets.xcassets; sourceTree = "<group>"; };
		4CC87D4825136D9300A3B9BD /* Base */ = {isa = PBXFileReference; lastKnownFileType = file.storyboard; name = Base; path = Base.lproj/LaunchScreen.storyboard; sourceTree = "<group>"; };
		4CC87D4A25136D9300A3B9BD /* Info.plist */ = {isa = PBXFileReference; lastKnownFileType = text.plist.xml; path = Info.plist; sourceTree = "<group>"; };
		4CCA96E92526C7E9005A2FEC /* DBManager.swift */ = {isa = PBXFileReference; lastKnownFileType = sourcecode.swift; path = DBManager.swift; sourceTree = "<group>"; };
		4CCA96EB2526D750005A2FEC /* Transaction.swift */ = {isa = PBXFileReference; lastKnownFileType = sourcecode.swift; path = Transaction.swift; sourceTree = "<group>"; };
		4CCA96F025272C47005A2FEC /* TransactionType.swift */ = {isa = PBXFileReference; lastKnownFileType = sourcecode.swift; path = TransactionType.swift; sourceTree = "<group>"; };
		4CE2DF2B252AB935009D32E5 /* Int+.swift */ = {isa = PBXFileReference; lastKnownFileType = sourcecode.swift; path = "Int+.swift"; sourceTree = "<group>"; };
		4CE2DF2D252AC67E009D32E5 /* String+.swift */ = {isa = PBXFileReference; lastKnownFileType = sourcecode.swift; path = "String+.swift"; sourceTree = "<group>"; };
		4CE3139F251852F000553415 /* TransactionCell.swift */ = {isa = PBXFileReference; lastKnownFileType = sourcecode.swift; path = TransactionCell.swift; sourceTree = "<group>"; };
		4CE313A0251852F000553415 /* TransactionCell.xib */ = {isa = PBXFileReference; lastKnownFileType = file.xib; path = TransactionCell.xib; sourceTree = "<group>"; };
		4CE313A425187E1000553415 /* AddTransactionTableViewController.swift */ = {isa = PBXFileReference; fileEncoding = 4; lastKnownFileType = sourcecode.swift; path = AddTransactionTableViewController.swift; sourceTree = "<group>"; };
		4CE437EC25257DC80089DEDA /* AddEventCell.swift */ = {isa = PBXFileReference; fileEncoding = 4; lastKnownFileType = sourcecode.swift; path = AddEventCell.swift; sourceTree = "<group>"; };
		4CE437ED25257DC80089DEDA /* AddEventCell.xib */ = {isa = PBXFileReference; fileEncoding = 4; lastKnownFileType = file.xib; path = AddEventCell.xib; sourceTree = "<group>"; };
		7F319EC1FA6BE4EEBDFEAA07 /* Pods-MoneyLoverClone.release.xcconfig */ = {isa = PBXFileReference; includeInIndex = 1; lastKnownFileType = text.xcconfig; name = "Pods-MoneyLoverClone.release.xcconfig"; path = "Target Support Files/Pods-MoneyLoverClone/Pods-MoneyLoverClone.release.xcconfig"; sourceTree = "<group>"; };
		85075FE022A5A78A17A42D32 /* Pods_MoneyLoverClone.framework */ = {isa = PBXFileReference; explicitFileType = wrapper.framework; includeInIndex = 0; path = Pods_MoneyLoverClone.framework; sourceTree = BUILT_PRODUCTS_DIR; };
		9B8131CB251AE56F0088F6A6 /* SettingsTableViewController.swift */ = {isa = PBXFileReference; lastKnownFileType = sourcecode.swift; path = SettingsTableViewController.swift; sourceTree = "<group>"; };
		BE812B66C0C425349C69ADFE /* Pods-MoneyLoverClone.debug.xcconfig */ = {isa = PBXFileReference; includeInIndex = 1; lastKnownFileType = text.xcconfig; name = "Pods-MoneyLoverClone.debug.xcconfig"; path = "Target Support Files/Pods-MoneyLoverClone/Pods-MoneyLoverClone.debug.xcconfig"; sourceTree = "<group>"; };
		CF14E4EA2522D8D500F6A235 /* PlanningTableViewController.swift */ = {isa = PBXFileReference; fileEncoding = 4; lastKnownFileType = sourcecode.swift; path = PlanningTableViewController.swift; sourceTree = "<group>"; };
		CF14E4F12523216600F6A235 /* ImageDelegate.swift */ = {isa = PBXFileReference; lastKnownFileType = sourcecode.swift; path = ImageDelegate.swift; sourceTree = "<group>"; };
		CF52DB492525C3DB0096585B /* EventTableViewCell.xib */ = {isa = PBXFileReference; fileEncoding = 4; lastKnownFileType = file.xib; path = EventTableViewCell.xib; sourceTree = "<group>"; };
		CF52DB4A2525C3DB0096585B /* EventTableViewCell.swift */ = {isa = PBXFileReference; fileEncoding = 4; lastKnownFileType = sourcecode.swift; path = EventTableViewCell.swift; sourceTree = "<group>"; };
		CF52DB4B2525C3DE0096585B /* Event.storyboard */ = {isa = PBXFileReference; fileEncoding = 4; lastKnownFileType = file.storyboard; path = Event.storyboard; sourceTree = "<group>"; };
		CF52DB4C2525C3E00096585B /* EventViewController.swift */ = {isa = PBXFileReference; fileEncoding = 4; lastKnownFileType = sourcecode.swift; path = EventViewController.swift; sourceTree = "<group>"; };
		CF52DB552525C4720096585B /* AddEvent.storyboard */ = {isa = PBXFileReference; fileEncoding = 4; lastKnownFileType = file.storyboard; path = AddEvent.storyboard; sourceTree = "<group>"; };
		CF52DB562525C4760096585B /* AddEventTableViewController.swift */ = {isa = PBXFileReference; fileEncoding = 4; lastKnownFileType = sourcecode.swift; path = AddEventTableViewController.swift; sourceTree = "<group>"; };
		CF62DC13252D627900BF2490 /* ChangePassWord.storyboard */ = {isa = PBXFileReference; fileEncoding = 4; lastKnownFileType = file.storyboard; path = ChangePassWord.storyboard; sourceTree = "<group>"; };
		CF62DC14252D627B00BF2490 /* ChangePasswordViewController.swift */ = {isa = PBXFileReference; fileEncoding = 4; lastKnownFileType = sourcecode.swift; path = ChangePasswordViewController.swift; sourceTree = "<group>"; };
		CF62DC17252D62DA00BF2490 /* TransactionsOfDetailViewController.swift */ = {isa = PBXFileReference; fileEncoding = 4; lastKnownFileType = sourcecode.swift; path = TransactionsOfDetailViewController.swift; sourceTree = "<group>"; };
		CF62DC18252D62DA00BF2490 /* DetailEvent.storyboard */ = {isa = PBXFileReference; fileEncoding = 4; lastKnownFileType = file.storyboard; path = DetailEvent.storyboard; sourceTree = "<group>"; };
/* End PBXFileReference section */

/* Begin PBXFrameworksBuildPhase section */
		4CC87D3625136D9100A3B9BD /* Frameworks */ = {
			isa = PBXFrameworksBuildPhase;
			buildActionMask = 2147483647;
			files = (
				C5E247DEBB952E86903C3B2A /* Pods_MoneyLoverClone.framework in Frameworks */,
				B01990675D86B85E1096B97E /* Pods_MoneyLoverClone.framework in Frameworks */,
			);
			runOnlyForDeploymentPostprocessing = 0;
		};
/* End PBXFrameworksBuildPhase section */

/* Begin PBXGroup section */
		28617CD32519AD5300A9E4E0 /* Account */ = {
			isa = PBXGroup;
			children = (
				4C9FF3DD2521C8F80027D02F /* Account.storyboard */,
				28617CD42519AD8C00A9E4E0 /* AccountViewController.swift */,
				28617CD62519AF3300A9E4E0 /* Cell */,
			);
			path = Account;
			sourceTree = "<group>";
		};
		28617CD62519AF3300A9E4E0 /* Cell */ = {
			isa = PBXGroup;
			children = (
				28617CD72519AF5600A9E4E0 /* AccountTableViewCell.swift */,
				28617CD82519AF5600A9E4E0 /* AccountTableViewCell.xib */,
			);
			path = Cell;
			sourceTree = "<group>";
		};
		2B3096EF2740A01FD8C5D4F3 /* Frameworks */ = {
			isa = PBXGroup;
			children = (
				85075FE022A5A78A17A42D32 /* Pods_MoneyLoverClone.framework */,
			);
			name = Frameworks;
			sourceTree = "<group>";
		};
		4C30DA58251B238200768482 /* Calendar */ = {
			isa = PBXGroup;
			children = (
				4C30DA59251B23A500768482 /* Calendar.storyboard */,
				4C30DA5B251B23E600768482 /* CalendarViewController.swift */,
			);
			path = Calendar;
			sourceTree = "<group>";
		};
		4C30DA5F251B433B00768482 /* Category */ = {
			isa = PBXGroup;
			children = (
				4C30DA62251B44BB00768482 /* Cell */,
				4C30DA5D251B430A00768482 /* Category.storyboard */,
				4C30DA60251B441B00768482 /* CategoryViewController.swift */,
			);
			path = Category;
			sourceTree = "<group>";
		};
		4C30DA62251B44BB00768482 /* Cell */ = {
			isa = PBXGroup;
			children = (
				4C30DA63251B44DA00768482 /* CategoryCell.swift */,
				4C30DA64251B44DA00768482 /* CategoryCell.xib */,
			);
			path = Cell;
			sourceTree = "<group>";
		};
		4C6C53E525217CDF00E7D3F0 /* EventIcon */ = {
			isa = PBXGroup;
			children = (
				4C6C53EA25217EC300E7D3F0 /* Cell */,
				4C6C53E625217D0800E7D3F0 /* EventIcon.storyboard */,
				4C6C53E825217D3800E7D3F0 /* EventIconViewController.swift */,
			);
			path = EventIcon;
			sourceTree = "<group>";
		};
		4C6C53EA25217EC300E7D3F0 /* Cell */ = {
			isa = PBXGroup;
			children = (
				4C6C53EB25217F5100E7D3F0 /* CategoryIconCell.swift */,
				4C6C53EC25217F5100E7D3F0 /* CategoryIconCell.xib */,
				CF14E4F12523216600F6A235 /* ImageDelegate.swift */,
			);
			path = Cell;
			sourceTree = "<group>";
		};
		4C6C53F325219CE400E7D3F0 /* AddEventScreen */ = {
			isa = PBXGroup;
			children = (
				CF52DB552525C4720096585B /* AddEvent.storyboard */,
				CF52DB562525C4760096585B /* AddEventTableViewController.swift */,
			);
			path = AddEventScreen;
			sourceTree = "<group>";
		};
		4C6C68D5252572270086BF55 /* ChoiseEvent */ = {
			isa = PBXGroup;
			children = (
				4CE437EB25257DC80089DEDA /* Cell */,
				4C6C68D6252572830086BF55 /* ChoiseEvent.storyboard */,
				4C6C68D8252573780086BF55 /* ChoiseEventTableViewController.swift */,
			);
			path = ChoiseEvent;
			sourceTree = "<group>";
		};
		4C6FB0122522D22D0095F3FD /* HomeViewController */ = {
			isa = PBXGroup;
			children = (
				4C6FB0132522D2EA0095F3FD /* TabBarViewController.swift */,
				4C6FB0152522D9B90095F3FD /* NavigationViewController.swift */,
			);
			path = HomeViewController;
			sourceTree = "<group>";
		};
		4C6FB01725233E650095F3FD /* TransactionDetail */ = {
			isa = PBXGroup;
			children = (
				4C6FB01825233F130095F3FD /* TransactionDetail.storyboard */,
				4C6FB01A252343C60095F3FD /* TransactionDetailTableViewController.swift */,
			);
			path = TransactionDetail;
			sourceTree = "<group>";
		};
		4C8DB90F25199EE100FABC11 /* NoteViewController */ = {
			isa = PBXGroup;
			children = (
				4C8DB91025199F2400FABC11 /* NoteViewController.swift */,
				4C8DB9172519AD6D00FABC11 /* Note.storyboard */,
			);
			path = NoteViewController;
			sourceTree = "<group>";
		};
		4C8DB91425199F4700FABC11 /* Unit */ = {
			isa = PBXGroup;
			children = (
				4C8DB91525199F8400FABC11 /* Storyboard.swift */,
				4C6C53EF2521932500E7D3F0 /* Screen.swift */,
			);
			path = Unit;
			sourceTree = "<group>";
		};
		4C8E4BE52514A885005B238B /* Model */ = {
			isa = PBXGroup;
			children = (
				4C4E29D7251DF69D0015E783 /* Event.swift */,
				4C8E4BF12514B767005B238B /* Year.swift */,
				4C30DA67251B460D00768482 /* Category.swift */,
				4CCA96EB2526D750005A2FEC /* Transaction.swift */,
				4CCA96F025272C47005A2FEC /* TransactionType.swift */,
				1016AEE825296C3D0030287F /* TransactionByDay.swift */,
			);
			path = Model;
			sourceTree = "<group>";
		};
		4C8E4BE62514A88F005B238B /* ViewModel */ = {
			isa = PBXGroup;
			children = (
			);
			path = ViewModel;
			sourceTree = "<group>";
		};
		4C8E4BE92514A8A8005B238B /* Scenes */ = {
			isa = PBXGroup;
			children = (
				4CC87D4725136D9300A3B9BD /* LaunchScreen.storyboard */,
				4CC87D4225136D9100A3B9BD /* Main.storyboard */,
				CFF524AA25270AA700D2F755 /* ChangePassWord */,
				CF4FD81D2525D57C0048CB0B /* DetailEvent */,
				4C6C68D5252572270086BF55 /* ChoiseEvent */,
				4C6FB01725233E650095F3FD /* TransactionDetail */,
				4C6FB0122522D22D0095F3FD /* HomeViewController */,
				4C9FF3D12521BC340027D02F /* EventScreen */,
				4C6C53F325219CE400E7D3F0 /* AddEventScreen */,
				CF521DA2251B1F2700DC13C4 /* Planning */,
				28617CD32519AD5300A9E4E0 /* Account */,
				4CE313A325187E1000553415 /* AddTransaction */,
				4C8E4BED2514AAAD005B238B /* Transactions */,
				4C8DB90F25199EE100FABC11 /* NoteViewController */,
				4C30DA58251B238200768482 /* Calendar */,
				9B8131C6251AE0E40088F6A6 /* Settings */,
				4C30DA5F251B433B00768482 /* Category */,
				4C6C53E525217CDF00E7D3F0 /* EventIcon */,
			);
			path = Scenes;
			sourceTree = "<group>";
		};
		4C8E4BEA2514A911005B238B /* Data */ = {
			isa = PBXGroup;
			children = (
				4CCA96E82526C7C8005A2FEC /* DataBase */,
				4C8E4BE52514A885005B238B /* Model */,
			);
			path = Data;
			sourceTree = "<group>";
		};
		4C8E4BEB2514A926005B238B /* Application */ = {
			isa = PBXGroup;
			children = (
				4CC87D3C25136D9100A3B9BD /* AppDelegate.swift */,
				4CC87D3E25136D9100A3B9BD /* SceneDelegate.swift */,
			);
			path = Application;
			sourceTree = "<group>";
		};
		4C8E4BEC2514A961005B238B /* Resource */ = {
			isa = PBXGroup;
			children = (
				4CC87D4525136D9300A3B9BD /* Assets.xcassets */,
				4C30DA69251B539200768482 /* RevenueArray.plist */,
				4C81AA30251C4E4200B60CC4 /* ExpenseArray.plist */,
			);
			path = Resource;
			sourceTree = "<group>";
		};
		4C8E4BED2514AAAD005B238B /* Transactions */ = {
			isa = PBXGroup;
			children = (
				4C9FF3D22521BD760027D02F /* Transaction.storyboard */,
				4CC87D4025136D9100A3B9BD /* TransactionsViewController.swift */,
				4C8E4BF32514BE6E005B238B /* Cell */,
			);
			path = Transactions;
			sourceTree = "<group>";
		};
		4C8E4BF32514BE6E005B238B /* Cell */ = {
			isa = PBXGroup;
			children = (
				4C8E4BF82514C332005B238B /* HeaderTransactionView.swift */,
				4C8E4BFA2514C33C005B238B /* HeaderTransactionView.xib */,
				4CE3139F251852F000553415 /* TransactionCell.swift */,
				4CE313A0251852F000553415 /* TransactionCell.xib */,
			);
			path = Cell;
			sourceTree = "<group>";
		};
		4C9FF3D12521BC340027D02F /* EventScreen */ = {
			isa = PBXGroup;
			children = (
				CF52DB482525C3DB0096585B /* Cell */,
				CF52DB4B2525C3DE0096585B /* Event.storyboard */,
				CF52DB4C2525C3E00096585B /* EventViewController.swift */,
			);
			path = EventScreen;
			sourceTree = "<group>";
		};
		4CC87D3025136D9000A3B9BD = {
			isa = PBXGroup;
			children = (
				4CC87D3B25136D9100A3B9BD /* MoneyLoverClone */,
				4CC87D3A25136D9100A3B9BD /* Products */,
				BF16F7A49D65BA1E1208B742 /* Pods */,
				CFF524A42527046800D2F755 /* Recovered References */,
				2B3096EF2740A01FD8C5D4F3 /* Frameworks */,
			);
			sourceTree = "<group>";
		};
		4CC87D3A25136D9100A3B9BD /* Products */ = {
			isa = PBXGroup;
			children = (
				4CC87D3925136D9100A3B9BD /* MoneyLoverClone.app */,
			);
			name = Products;
			sourceTree = "<group>";
		};
		4CC87D3B25136D9100A3B9BD /* MoneyLoverClone */ = {
			isa = PBXGroup;
			children = (
				4C8E4BEB2514A926005B238B /* Application */,
				4C8E4BEA2514A911005B238B /* Data */,
				4C8E4BE62514A88F005B238B /* ViewModel */,
				4CE313A6251882F600553415 /* CustomView */,
				4C8E4BE92514A8A8005B238B /* Scenes */,
				4C8DB91425199F4700FABC11 /* Unit */,
				4CCA96ED25271C75005A2FEC /* Extension */,
				4C8E4BEC2514A961005B238B /* Resource */,
				4CC87D4A25136D9300A3B9BD /* Info.plist */,
			);
			path = MoneyLoverClone;
			sourceTree = "<group>";
		};
		4CCA96E82526C7C8005A2FEC /* DataBase */ = {
			isa = PBXGroup;
			children = (
				4CCA96E92526C7E9005A2FEC /* DBManager.swift */,
			);
			path = DataBase;
			sourceTree = "<group>";
		};
		4CCA96ED25271C75005A2FEC /* Extension */ = {
			isa = PBXGroup;
			children = (
				4CE2DF2B252AB935009D32E5 /* Int+.swift */,
				4CE2DF2D252AC67E009D32E5 /* String+.swift */,
			);
			path = Extension;
			sourceTree = "<group>";
		};
		4CE313A325187E1000553415 /* AddTransaction */ = {
			isa = PBXGroup;
			children = (
				4C9FF3CE2521A1E40027D02F /* AddTransaction.storyboard */,
				4CE313A425187E1000553415 /* AddTransactionTableViewController.swift */,
			);
			path = AddTransaction;
			sourceTree = "<group>";
		};
		4CE313A6251882F600553415 /* CustomView */ = {
			isa = PBXGroup;
			children = (
				4C4E29D5251DACDA0015E783 /* NumericKeyboard.swift */,
			);
			path = CustomView;
			sourceTree = "<group>";
		};
		4CE437EB25257DC80089DEDA /* Cell */ = {
			isa = PBXGroup;
			children = (
				4CE437EC25257DC80089DEDA /* AddEventCell.swift */,
				4CE437ED25257DC80089DEDA /* AddEventCell.xib */,
			);
			path = Cell;
			sourceTree = "<group>";
		};
		9B8131C6251AE0E40088F6A6 /* Settings */ = {
			isa = PBXGroup;
			children = (
				9B8131CB251AE56F0088F6A6 /* SettingsTableViewController.swift */,
				4C9FF3DF2521CB5B0027D02F /* Setting.storyboard */,
			);
			path = Settings;
			sourceTree = "<group>";
		};
		BF16F7A49D65BA1E1208B742 /* Pods */ = {
			isa = PBXGroup;
			children = (
				BE812B66C0C425349C69ADFE /* Pods-MoneyLoverClone.debug.xcconfig */,
				7F319EC1FA6BE4EEBDFEAA07 /* Pods-MoneyLoverClone.release.xcconfig */,
			);
			path = Pods;
			sourceTree = "<group>";
		};
		CF4FD81D2525D57C0048CB0B /* DetailEvent */ = {
			isa = PBXGroup;
			children = (
				CF62DC18252D62DA00BF2490 /* DetailEvent.storyboard */,
				CF62DC17252D62DA00BF2490 /* TransactionsOfDetailViewController.swift */,
			);
			path = DetailEvent;
			sourceTree = "<group>";
		};
		CF521DA2251B1F2700DC13C4 /* Planning */ = {
			isa = PBXGroup;
			children = (
				CF14E4EA2522D8D500F6A235 /* PlanningTableViewController.swift */,
				4C9FF3D82521C6C60027D02F /* Plan.storyboard */,
			);
			path = Planning;
			sourceTree = "<group>";
		};
		CF52DB482525C3DB0096585B /* Cell */ = {
			isa = PBXGroup;
			children = (
				CF52DB492525C3DB0096585B /* EventTableViewCell.xib */,
				CF52DB4A2525C3DB0096585B /* EventTableViewCell.swift */,
			);
			path = Cell;
			sourceTree = "<group>";
		};
		CFF524A42527046800D2F755 /* Recovered References */ = {
			isa = PBXGroup;
			children = (
				1B814BB2CF2CF6C94CC6F942 /* Pods_MoneyLoverClone.framework */,
			);
			name = "Recovered References";
			sourceTree = "<group>";
		};
		CFF524AA25270AA700D2F755 /* ChangePassWord */ = {
			isa = PBXGroup;
			children = (
				CF62DC13252D627900BF2490 /* ChangePassWord.storyboard */,
				CF62DC14252D627B00BF2490 /* ChangePasswordViewController.swift */,
			);
			path = ChangePassWord;
			sourceTree = "<group>";
		};
/* End PBXGroup section */

/* Begin PBXNativeTarget section */
		4CC87D3825136D9100A3B9BD /* MoneyLoverClone */ = {
			isa = PBXNativeTarget;
			buildConfigurationList = 4CC87D4D25136D9300A3B9BD /* Build configuration list for PBXNativeTarget "MoneyLoverClone" */;
			buildPhases = (
				51658AEB414F666D73335260 /* [CP] Check Pods Manifest.lock */,
				4CC87D3525136D9100A3B9BD /* Sources */,
				4CC87D3625136D9100A3B9BD /* Frameworks */,
				4CC87D3725136D9100A3B9BD /* Resources */,
				4C8E4BE42514A23C005B238B /* ShellScript */,
				ED91CB502EE9BAC48D7DBBD8 /* [CP] Embed Pods Frameworks */,
				607DE56E944BD36A48C49521 /* [CP] Copy Pods Resources */,
			);
			buildRules = (
			);
			dependencies = (
			);
			name = MoneyLoverClone;
			productName = MoneyLoverClone;
			productReference = 4CC87D3925136D9100A3B9BD /* MoneyLoverClone.app */;
			productType = "com.apple.product-type.application";
		};
/* End PBXNativeTarget section */

/* Begin PBXProject section */
		4CC87D3125136D9000A3B9BD /* Project object */ = {
			isa = PBXProject;
			attributes = {
				LastSwiftUpdateCheck = 1160;
				LastUpgradeCheck = 1160;
				ORGANIZATIONNAME = "Vu Xuan Cuong";
				TargetAttributes = {
					4CC87D3825136D9100A3B9BD = {
						CreatedOnToolsVersion = 11.6;
					};
				};
			};
			buildConfigurationList = 4CC87D3425136D9000A3B9BD /* Build configuration list for PBXProject "MoneyLoverClone" */;
			compatibilityVersion = "Xcode 9.3";
			developmentRegion = en;
			hasScannedForEncodings = 0;
			knownRegions = (
				en,
				Base,
			);
			mainGroup = 4CC87D3025136D9000A3B9BD;
			productRefGroup = 4CC87D3A25136D9100A3B9BD /* Products */;
			projectDirPath = "";
			projectRoot = "";
			targets = (
				4CC87D3825136D9100A3B9BD /* MoneyLoverClone */,
			);
		};
/* End PBXProject section */

/* Begin PBXResourcesBuildPhase section */
		4CC87D3725136D9100A3B9BD /* Resources */ = {
			isa = PBXResourcesBuildPhase;
			buildActionMask = 2147483647;
			files = (
				CF52DB572525C4760096585B /* AddEvent.storyboard in Resources */,
				4C30DA5E251B430A00768482 /* Category.storyboard in Resources */,
				4CE437EF25257DC80089DEDA /* AddEventCell.xib in Resources */,
				CF62DC1B252D62DA00BF2490 /* DetailEvent.storyboard in Resources */,
				4C30DA5A251B23A500768482 /* Calendar.storyboard in Resources */,
				CF62DC15252D627B00BF2490 /* ChangePassWord.storyboard in Resources */,
				4C81AA31251C4E4200B60CC4 /* ExpenseArray.plist in Resources */,
				4C6C53EE25217F5100E7D3F0 /* CategoryIconCell.xib in Resources */,
				4CC87D4925136D9300A3B9BD /* LaunchScreen.storyboard in Resources */,
				28617CDA2519AF5600A9E4E0 /* AccountTableViewCell.xib in Resources */,
				4CC87D4625136D9300A3B9BD /* Assets.xcassets in Resources */,
				4C6C53E725217D0800E7D3F0 /* EventIcon.storyboard in Resources */,
				4C9FF3E02521CB5B0027D02F /* Setting.storyboard in Resources */,
				4C8E4BFB2514C33C005B238B /* HeaderTransactionView.xib in Resources */,
				CF52DB4D2525C3E00096585B /* EventTableViewCell.xib in Resources */,
				4C6FB01925233F130095F3FD /* TransactionDetail.storyboard in Resources */,
				4C8DB9182519AD6D00FABC11 /* Note.storyboard in Resources */,
				4C9FF3D32521BD760027D02F /* Transaction.storyboard in Resources */,
				4C9FF3DE2521C8F80027D02F /* Account.storyboard in Resources */,
				4C9FF3D92521C6C60027D02F /* Plan.storyboard in Resources */,
				4CC87D4425136D9100A3B9BD /* Main.storyboard in Resources */,
				4C9FF3CF2521A1E40027D02F /* AddTransaction.storyboard in Resources */,
				4C30DA66251B44DA00768482 /* CategoryCell.xib in Resources */,
				CF52DB4F2525C3E00096585B /* Event.storyboard in Resources */,
				4C6C68D7252572830086BF55 /* ChoiseEvent.storyboard in Resources */,
				4C30DA6A251B539200768482 /* RevenueArray.plist in Resources */,
				4CE313A2251852F000553415 /* TransactionCell.xib in Resources */,
			);
			runOnlyForDeploymentPostprocessing = 0;
		};
/* End PBXResourcesBuildPhase section */

/* Begin PBXShellScriptBuildPhase section */
		4C8E4BE42514A23C005B238B /* ShellScript */ = {
			isa = PBXShellScriptBuildPhase;
			buildActionMask = 2147483647;
			files = (
			);
			inputFileListPaths = (
			);
			inputPaths = (
			);
			outputFileListPaths = (
			);
			outputPaths = (
			);
			runOnlyForDeploymentPostprocessing = 0;
			shellPath = /bin/sh;
			shellScript = "# Type a script or drag a script file from your workspace to insert its path.\nif which swiftlint >/dev/null; then\n  swiftlint\nelse\n  echo \"warning: SwiftLint not installed, download from https://github.com/realm/SwiftLint\"\nfi\n";
		};
		51658AEB414F666D73335260 /* [CP] Check Pods Manifest.lock */ = {
			isa = PBXShellScriptBuildPhase;
			buildActionMask = 2147483647;
			files = (
			);
			inputFileListPaths = (
			);
			inputPaths = (
				"${PODS_PODFILE_DIR_PATH}/Podfile.lock",
				"${PODS_ROOT}/Manifest.lock",
			);
			name = "[CP] Check Pods Manifest.lock";
			outputFileListPaths = (
			);
			outputPaths = (
				"$(DERIVED_FILE_DIR)/Pods-MoneyLoverClone-checkManifestLockResult.txt",
			);
			runOnlyForDeploymentPostprocessing = 0;
			shellPath = /bin/sh;
			shellScript = "diff \"${PODS_PODFILE_DIR_PATH}/Podfile.lock\" \"${PODS_ROOT}/Manifest.lock\" > /dev/null\nif [ $? != 0 ] ; then\n    # print error to STDERR\n    echo \"error: The sandbox is not in sync with the Podfile.lock. Run 'pod install' or update your CocoaPods installation.\" >&2\n    exit 1\nfi\n# This output is used by Xcode 'outputs' to avoid re-running this script phase.\necho \"SUCCESS\" > \"${SCRIPT_OUTPUT_FILE_0}\"\n";
			showEnvVarsInLog = 0;
		};
		607DE56E944BD36A48C49521 /* [CP] Copy Pods Resources */ = {
			isa = PBXShellScriptBuildPhase;
			buildActionMask = 2147483647;
			files = (
			);
			inputFileListPaths = (
				"${PODS_ROOT}/Target Support Files/Pods-MoneyLoverClone/Pods-MoneyLoverClone-resources-${CONFIGURATION}-input-files.xcfilelist",
			);
			name = "[CP] Copy Pods Resources";
			outputFileListPaths = (
				"${PODS_ROOT}/Target Support Files/Pods-MoneyLoverClone/Pods-MoneyLoverClone-resources-${CONFIGURATION}-output-files.xcfilelist",
			);
			runOnlyForDeploymentPostprocessing = 0;
			shellPath = /bin/sh;
			shellScript = "\"${PODS_ROOT}/Target Support Files/Pods-MoneyLoverClone/Pods-MoneyLoverClone-resources.sh\"\n";
			showEnvVarsInLog = 0;
		};
		ED91CB502EE9BAC48D7DBBD8 /* [CP] Embed Pods Frameworks */ = {
			isa = PBXShellScriptBuildPhase;
			buildActionMask = 2147483647;
			files = (
			);
			inputFileListPaths = (
				"${PODS_ROOT}/Target Support Files/Pods-MoneyLoverClone/Pods-MoneyLoverClone-frameworks-${CONFIGURATION}-input-files.xcfilelist",
			);
			name = "[CP] Embed Pods Frameworks";
			outputFileListPaths = (
				"${PODS_ROOT}/Target Support Files/Pods-MoneyLoverClone/Pods-MoneyLoverClone-frameworks-${CONFIGURATION}-output-files.xcfilelist",
			);
			runOnlyForDeploymentPostprocessing = 0;
			shellPath = /bin/sh;
			shellScript = "\"${PODS_ROOT}/Target Support Files/Pods-MoneyLoverClone/Pods-MoneyLoverClone-frameworks.sh\"\n";
			showEnvVarsInLog = 0;
		};
/* End PBXShellScriptBuildPhase section */

/* Begin PBXSourcesBuildPhase section */
		4CC87D3525136D9100A3B9BD /* Sources */ = {
			isa = PBXSourcesBuildPhase;
			buildActionMask = 2147483647;
			files = (
				4C4E29D6251DACDA0015E783 /* NumericKeyboard.swift in Sources */,
				4C30DA65251B44DA00768482 /* CategoryCell.swift in Sources */,
				1016AEE925296C3D0030287F /* TransactionByDay.swift in Sources */,
				28617CD92519AF5600A9E4E0 /* AccountTableViewCell.swift in Sources */,
				CF14E4F22523216600F6A235 /* ImageDelegate.swift in Sources */,
				CF62DC16252D627B00BF2490 /* ChangePasswordViewController.swift in Sources */,
				4C6C53F02521932500E7D3F0 /* Screen.swift in Sources */,
				4CE313A525187E1000553415 /* AddTransactionTableViewController.swift in Sources */,
				4C8DB91625199F8400FABC11 /* Storyboard.swift in Sources */,
				28617CD52519AD8C00A9E4E0 /* AccountViewController.swift in Sources */,
				CF62DC1D252D669100BF2490 /* String+.swift in Sources */,
				4CCA96EA2526C7E9005A2FEC /* DBManager.swift in Sources */,
				4C30DA68251B460D00768482 /* Category.swift in Sources */,
				4C30DA61251B441B00768482 /* CategoryViewController.swift in Sources */,
				CF52DB582525C4760096585B /* AddEventTableViewController.swift in Sources */,
				4C6FB0162522D9B90095F3FD /* NavigationViewController.swift in Sources */,
				4CE437EE25257DC80089DEDA /* AddEventCell.swift in Sources */,
				4CE313A1251852F000553415 /* TransactionCell.swift in Sources */,
				4C6C68D9252573780086BF55 /* ChoiseEventTableViewController.swift in Sources */,
				4CC87D4125136D9100A3B9BD /* TransactionsViewController.swift in Sources */,
				4C6FB0142522D2EA0095F3FD /* TabBarViewController.swift in Sources */,
				4CE2DF2C252AB935009D32E5 /* Int+.swift in Sources */,
				9B8131CC251AE56F0088F6A6 /* SettingsTableViewController.swift in Sources */,
				4C6FB01B252343C60095F3FD /* TransactionDetailTableViewController.swift in Sources */,
				4C8E4BF22514B767005B238B /* Year.swift in Sources */,
				CF52DB502525C3E00096585B /* EventViewController.swift in Sources */,
				CF62DC1A252D62DA00BF2490 /* TransactionsOfDetailViewController.swift in Sources */,
				CF52DB4E2525C3E00096585B /* EventTableViewCell.swift in Sources */,
				CF14E4EB2522D8D500F6A235 /* PlanningTableViewController.swift in Sources */,
				4C8E4BF92514C332005B238B /* HeaderTransactionView.swift in Sources */,
				4CCA96F125272C47005A2FEC /* TransactionType.swift in Sources */,
				CFCAF80E252B12CC00C7AE27 /* Transaction.swift in Sources */,
				4CC87D3D25136D9100A3B9BD /* AppDelegate.swift in Sources */,
				4C6C53E925217D3800E7D3F0 /* EventIconViewController.swift in Sources */,
				4C8DB91225199F2400FABC11 /* NoteViewController.swift in Sources */,
				4C30DA5C251B23E600768482 /* CalendarViewController.swift in Sources */,
				4C6C53ED25217F5100E7D3F0 /* CategoryIconCell.swift in Sources */,
				4C4E29D8251DF69D0015E783 /* Event.swift in Sources */,
				4CC87D3F25136D9100A3B9BD /* SceneDelegate.swift in Sources */,
			);
			runOnlyForDeploymentPostprocessing = 0;
		};
/* End PBXSourcesBuildPhase section */

/* Begin PBXVariantGroup section */
		4CC87D4225136D9100A3B9BD /* Main.storyboard */ = {
			isa = PBXVariantGroup;
			children = (
				4CC87D4325136D9100A3B9BD /* Base */,
			);
			name = Main.storyboard;
			sourceTree = "<group>";
		};
		4CC87D4725136D9300A3B9BD /* LaunchScreen.storyboard */ = {
			isa = PBXVariantGroup;
			children = (
				4CC87D4825136D9300A3B9BD /* Base */,
			);
			name = LaunchScreen.storyboard;
			sourceTree = "<group>";
		};
/* End PBXVariantGroup section */

/* Begin XCBuildConfiguration section */
		4CC87D4B25136D9300A3B9BD /* Debug */ = {
			isa = XCBuildConfiguration;
			buildSettings = {
				ALWAYS_SEARCH_USER_PATHS = NO;
				CLANG_ANALYZER_NONNULL = YES;
				CLANG_ANALYZER_NUMBER_OBJECT_CONVERSION = YES_AGGRESSIVE;
				CLANG_CXX_LANGUAGE_STANDARD = "gnu++14";
				CLANG_CXX_LIBRARY = "libc++";
				CLANG_ENABLE_MODULES = YES;
				CLANG_ENABLE_OBJC_ARC = YES;
				CLANG_ENABLE_OBJC_WEAK = YES;
				CLANG_WARN_BLOCK_CAPTURE_AUTORELEASING = YES;
				CLANG_WARN_BOOL_CONVERSION = YES;
				CLANG_WARN_COMMA = YES;
				CLANG_WARN_CONSTANT_CONVERSION = YES;
				CLANG_WARN_DEPRECATED_OBJC_IMPLEMENTATIONS = YES;
				CLANG_WARN_DIRECT_OBJC_ISA_USAGE = YES_ERROR;
				CLANG_WARN_DOCUMENTATION_COMMENTS = YES;
				CLANG_WARN_EMPTY_BODY = YES;
				CLANG_WARN_ENUM_CONVERSION = YES;
				CLANG_WARN_INFINITE_RECURSION = YES;
				CLANG_WARN_INT_CONVERSION = YES;
				CLANG_WARN_NON_LITERAL_NULL_CONVERSION = YES;
				CLANG_WARN_OBJC_IMPLICIT_RETAIN_SELF = YES;
				CLANG_WARN_OBJC_LITERAL_CONVERSION = YES;
				CLANG_WARN_OBJC_ROOT_CLASS = YES_ERROR;
				CLANG_WARN_RANGE_LOOP_ANALYSIS = YES;
				CLANG_WARN_STRICT_PROTOTYPES = YES;
				CLANG_WARN_SUSPICIOUS_MOVE = YES;
				CLANG_WARN_UNGUARDED_AVAILABILITY = YES_AGGRESSIVE;
				CLANG_WARN_UNREACHABLE_CODE = YES;
				CLANG_WARN__DUPLICATE_METHOD_MATCH = YES;
				COPY_PHASE_STRIP = NO;
				DEBUG_INFORMATION_FORMAT = dwarf;
				ENABLE_STRICT_OBJC_MSGSEND = YES;
				ENABLE_TESTABILITY = YES;
				GCC_C_LANGUAGE_STANDARD = gnu11;
				GCC_DYNAMIC_NO_PIC = NO;
				GCC_NO_COMMON_BLOCKS = YES;
				GCC_OPTIMIZATION_LEVEL = 0;
				GCC_PREPROCESSOR_DEFINITIONS = (
					"DEBUG=1",
					"$(inherited)",
				);
				GCC_WARN_64_TO_32_BIT_CONVERSION = YES;
				GCC_WARN_ABOUT_RETURN_TYPE = YES_ERROR;
				GCC_WARN_UNDECLARED_SELECTOR = YES;
				GCC_WARN_UNINITIALIZED_AUTOS = YES_AGGRESSIVE;
				GCC_WARN_UNUSED_FUNCTION = YES;
				GCC_WARN_UNUSED_VARIABLE = YES;
				IPHONEOS_DEPLOYMENT_TARGET = 13.2;
				MTL_ENABLE_DEBUG_INFO = INCLUDE_SOURCE;
				MTL_FAST_MATH = YES;
				ONLY_ACTIVE_ARCH = YES;
				SDKROOT = iphoneos;
				SWIFT_ACTIVE_COMPILATION_CONDITIONS = DEBUG;
				SWIFT_OPTIMIZATION_LEVEL = "-Onone";
			};
			name = Debug;
		};
		4CC87D4C25136D9300A3B9BD /* Release */ = {
			isa = XCBuildConfiguration;
			buildSettings = {
				ALWAYS_SEARCH_USER_PATHS = NO;
				CLANG_ANALYZER_NONNULL = YES;
				CLANG_ANALYZER_NUMBER_OBJECT_CONVERSION = YES_AGGRESSIVE;
				CLANG_CXX_LANGUAGE_STANDARD = "gnu++14";
				CLANG_CXX_LIBRARY = "libc++";
				CLANG_ENABLE_MODULES = YES;
				CLANG_ENABLE_OBJC_ARC = YES;
				CLANG_ENABLE_OBJC_WEAK = YES;
				CLANG_WARN_BLOCK_CAPTURE_AUTORELEASING = YES;
				CLANG_WARN_BOOL_CONVERSION = YES;
				CLANG_WARN_COMMA = YES;
				CLANG_WARN_CONSTANT_CONVERSION = YES;
				CLANG_WARN_DEPRECATED_OBJC_IMPLEMENTATIONS = YES;
				CLANG_WARN_DIRECT_OBJC_ISA_USAGE = YES_ERROR;
				CLANG_WARN_DOCUMENTATION_COMMENTS = YES;
				CLANG_WARN_EMPTY_BODY = YES;
				CLANG_WARN_ENUM_CONVERSION = YES;
				CLANG_WARN_INFINITE_RECURSION = YES;
				CLANG_WARN_INT_CONVERSION = YES;
				CLANG_WARN_NON_LITERAL_NULL_CONVERSION = YES;
				CLANG_WARN_OBJC_IMPLICIT_RETAIN_SELF = YES;
				CLANG_WARN_OBJC_LITERAL_CONVERSION = YES;
				CLANG_WARN_OBJC_ROOT_CLASS = YES_ERROR;
				CLANG_WARN_RANGE_LOOP_ANALYSIS = YES;
				CLANG_WARN_STRICT_PROTOTYPES = YES;
				CLANG_WARN_SUSPICIOUS_MOVE = YES;
				CLANG_WARN_UNGUARDED_AVAILABILITY = YES_AGGRESSIVE;
				CLANG_WARN_UNREACHABLE_CODE = YES;
				CLANG_WARN__DUPLICATE_METHOD_MATCH = YES;
				COPY_PHASE_STRIP = NO;
				DEBUG_INFORMATION_FORMAT = "dwarf-with-dsym";
				ENABLE_NS_ASSERTIONS = NO;
				ENABLE_STRICT_OBJC_MSGSEND = YES;
				GCC_C_LANGUAGE_STANDARD = gnu11;
				GCC_NO_COMMON_BLOCKS = YES;
				GCC_WARN_64_TO_32_BIT_CONVERSION = YES;
				GCC_WARN_ABOUT_RETURN_TYPE = YES_ERROR;
				GCC_WARN_UNDECLARED_SELECTOR = YES;
				GCC_WARN_UNINITIALIZED_AUTOS = YES_AGGRESSIVE;
				GCC_WARN_UNUSED_FUNCTION = YES;
				GCC_WARN_UNUSED_VARIABLE = YES;
				IPHONEOS_DEPLOYMENT_TARGET = 13.2;
				MTL_ENABLE_DEBUG_INFO = NO;
				MTL_FAST_MATH = YES;
				SDKROOT = iphoneos;
				SWIFT_COMPILATION_MODE = wholemodule;
				SWIFT_OPTIMIZATION_LEVEL = "-O";
				VALIDATE_PRODUCT = YES;
			};
			name = Release;
		};
		4CC87D4E25136D9300A3B9BD /* Debug */ = {
			isa = XCBuildConfiguration;
			baseConfigurationReference = BE812B66C0C425349C69ADFE /* Pods-MoneyLoverClone.debug.xcconfig */;
			buildSettings = {
				ASSETCATALOG_COMPILER_APPICON_NAME = AppIcon;
				CODE_SIGN_STYLE = Automatic;
				INFOPLIST_FILE = MoneyLoverClone/Info.plist;
				LD_RUNPATH_SEARCH_PATHS = (
					"$(inherited)",
					"@executable_path/Frameworks",
				);
				PRODUCT_BUNDLE_IDENTIFIER = IOS.MoneyLoverClone;
				PRODUCT_NAME = "$(TARGET_NAME)";
				SWIFT_VERSION = 5.0;
				TARGETED_DEVICE_FAMILY = "1,2";
			};
			name = Debug;
		};
		4CC87D4F25136D9300A3B9BD /* Release */ = {
			isa = XCBuildConfiguration;
			baseConfigurationReference = 7F319EC1FA6BE4EEBDFEAA07 /* Pods-MoneyLoverClone.release.xcconfig */;
			buildSettings = {
				ASSETCATALOG_COMPILER_APPICON_NAME = AppIcon;
				CODE_SIGN_STYLE = Automatic;
				INFOPLIST_FILE = MoneyLoverClone/Info.plist;
				LD_RUNPATH_SEARCH_PATHS = (
					"$(inherited)",
					"@executable_path/Frameworks",
				);
				PRODUCT_BUNDLE_IDENTIFIER = IOS.MoneyLoverClone;
				PRODUCT_NAME = "$(TARGET_NAME)";
				SWIFT_VERSION = 5.0;
				TARGETED_DEVICE_FAMILY = "1,2";
			};
			name = Release;
		};
/* End XCBuildConfiguration section */

/* Begin XCConfigurationList section */
		4CC87D3425136D9000A3B9BD /* Build configuration list for PBXProject "MoneyLoverClone" */ = {
			isa = XCConfigurationList;
			buildConfigurations = (
				4CC87D4B25136D9300A3B9BD /* Debug */,
				4CC87D4C25136D9300A3B9BD /* Release */,
			);
			defaultConfigurationIsVisible = 0;
			defaultConfigurationName = Release;
		};
		4CC87D4D25136D9300A3B9BD /* Build configuration list for PBXNativeTarget "MoneyLoverClone" */ = {
			isa = XCConfigurationList;
			buildConfigurations = (
				4CC87D4E25136D9300A3B9BD /* Debug */,
				4CC87D4F25136D9300A3B9BD /* Release */,
			);
			defaultConfigurationIsVisible = 0;
			defaultConfigurationName = Release;
		};
/* End XCConfigurationList section */
	};
	rootObject = 4CC87D3125136D9000A3B9BD /* Project object */;
}
