// !$*UTF8*$!
{
	archiveVersion = 1;
	classes = {
	};
	objectVersion = 51;
	objects = {

/* Begin PBXBuildFile section */
		4C8DB91225199F2400FABC11 /* NoteViewController.swift in Sources */ = {isa = PBXBuildFile; fileRef = 4C8DB91025199F2400FABC11 /* NoteViewController.swift */; };
		4C8DB91325199F2400FABC11 /* NoteViewController.xib in Resources */ = {isa = PBXBuildFile; fileRef = 4C8DB91125199F2400FABC11 /* NoteViewController.xib */; };
		4C8DB91625199F8400FABC11 /* Storyboard.swift in Sources */ = {isa = PBXBuildFile; fileRef = 4C8DB91525199F8400FABC11 /* Storyboard.swift */; };
		4C8E4BF02514B677005B238B /* RealmManager.swift in Sources */ = {isa = PBXBuildFile; fileRef = 4C8E4BEF2514B677005B238B /* RealmManager.swift */; };
		4C8E4BF22514B767005B238B /* Year.swift in Sources */ = {isa = PBXBuildFile; fileRef = 4C8E4BF12514B767005B238B /* Year.swift */; };
		4C8E4BF92514C332005B238B /* HeaderTransactionView.swift in Sources */ = {isa = PBXBuildFile; fileRef = 4C8E4BF82514C332005B238B /* HeaderTransactionView.swift */; };
		4C8E4BFB2514C33C005B238B /* HeaderTransactionView.xib in Resources */ = {isa = PBXBuildFile; fileRef = 4C8E4BFA2514C33C005B238B /* HeaderTransactionView.xib */; };
		4CC87D3D25136D9100A3B9BD /* AppDelegate.swift in Sources */ = {isa = PBXBuildFile; fileRef = 4CC87D3C25136D9100A3B9BD /* AppDelegate.swift */; };
		4CC87D3F25136D9100A3B9BD /* SceneDelegate.swift in Sources */ = {isa = PBXBuildFile; fileRef = 4CC87D3E25136D9100A3B9BD /* SceneDelegate.swift */; };
		4CC87D4125136D9100A3B9BD /* TransactionsViewController.swift in Sources */ = {isa = PBXBuildFile; fileRef = 4CC87D4025136D9100A3B9BD /* TransactionsViewController.swift */; };
		4CC87D4425136D9100A3B9BD /* Main.storyboard in Resources */ = {isa = PBXBuildFile; fileRef = 4CC87D4225136D9100A3B9BD /* Main.storyboard */; };
		4CC87D4625136D9300A3B9BD /* Assets.xcassets in Resources */ = {isa = PBXBuildFile; fileRef = 4CC87D4525136D9300A3B9BD /* Assets.xcassets */; };
		4CC87D4925136D9300A3B9BD /* LaunchScreen.storyboard in Resources */ = {isa = PBXBuildFile; fileRef = 4CC87D4725136D9300A3B9BD /* LaunchScreen.storyboard */; };
		4CE313A1251852F000553415 /* TransactionCell.swift in Sources */ = {isa = PBXBuildFile; fileRef = 4CE3139F251852F000553415 /* TransactionCell.swift */; };
		4CE313A2251852F000553415 /* TransactionCell.xib in Resources */ = {isa = PBXBuildFile; fileRef = 4CE313A0251852F000553415 /* TransactionCell.xib */; };
		4CE313A525187E1000553415 /* AddTransactionTableViewController.swift in Sources */ = {isa = PBXBuildFile; fileRef = 4CE313A425187E1000553415 /* AddTransactionTableViewController.swift */; };
		4CE313AD2518B7AF00553415 /* DatePickerViewController.swift in Sources */ = {isa = PBXBuildFile; fileRef = 4CE313AB2518B7AF00553415 /* DatePickerViewController.swift */; };
		4CE313AE2518B7AF00553415 /* DatePickerViewController.xib in Resources */ = {isa = PBXBuildFile; fileRef = 4CE313AC2518B7AF00553415 /* DatePickerViewController.xib */; };
		B62151B15EDE3671C97DEB7F /* Pods_MoneyLoverClone.framework in Frameworks */ = {isa = PBXBuildFile; fileRef = BD40864802C1E086D24FBBAF /* Pods_MoneyLoverClone.framework */; };
/* End PBXBuildFile section */

/* Begin PBXFileReference section */
		069DC8AE5418ED689836699C /* Pods-MoneyLoverClone.debug.xcconfig */ = {isa = PBXFileReference; includeInIndex = 1; lastKnownFileType = text.xcconfig; name = "Pods-MoneyLoverClone.debug.xcconfig"; path = "Target Support Files/Pods-MoneyLoverClone/Pods-MoneyLoverClone.debug.xcconfig"; sourceTree = "<group>"; };
		4C8DB91025199F2400FABC11 /* NoteViewController.swift */ = {isa = PBXFileReference; lastKnownFileType = sourcecode.swift; path = NoteViewController.swift; sourceTree = "<group>"; };
		4C8DB91125199F2400FABC11 /* NoteViewController.xib */ = {isa = PBXFileReference; lastKnownFileType = file.xib; path = NoteViewController.xib; sourceTree = "<group>"; };
		4C8DB91525199F8400FABC11 /* Storyboard.swift */ = {isa = PBXFileReference; lastKnownFileType = sourcecode.swift; path = Storyboard.swift; sourceTree = "<group>"; };
		4C8E4BEF2514B677005B238B /* RealmManager.swift */ = {isa = PBXFileReference; lastKnownFileType = sourcecode.swift; path = RealmManager.swift; sourceTree = "<group>"; };
		4C8E4BF12514B767005B238B /* Year.swift */ = {isa = PBXFileReference; lastKnownFileType = sourcecode.swift; path = Year.swift; sourceTree = "<group>"; };
		4C8E4BF82514C332005B238B /* HeaderTransactionView.swift */ = {isa = PBXFileReference; lastKnownFileType = sourcecode.swift; path = HeaderTransactionView.swift; sourceTree = "<group>"; };
		4C8E4BFA2514C33C005B238B /* HeaderTransactionView.xib */ = {isa = PBXFileReference; lastKnownFileType = file.xib; path = HeaderTransactionView.xib; sourceTree = "<group>"; };
		4CC87D3925136D9100A3B9BD /* MoneyLoverClone.app */ = {isa = PBXFileReference; explicitFileType = wrapper.application; includeInIndex = 0; path = MoneyLoverClone.app; sourceTree = BUILT_PRODUCTS_DIR; };
		4CC87D3C25136D9100A3B9BD /* AppDelegate.swift */ = {isa = PBXFileReference; lastKnownFileType = sourcecode.swift; path = AppDelegate.swift; sourceTree = "<group>"; };
		4CC87D3E25136D9100A3B9BD /* SceneDelegate.swift */ = {isa = PBXFileReference; lastKnownFileType = sourcecode.swift; path = SceneDelegate.swift; sourceTree = "<group>"; };
		4CC87D4025136D9100A3B9BD /* TransactionsViewController.swift */ = {isa = PBXFileReference; lastKnownFileType = sourcecode.swift; path = TransactionsViewController.swift; sourceTree = "<group>"; };
		4CC87D4325136D9100A3B9BD /* Base */ = {isa = PBXFileReference; lastKnownFileType = file.storyboard; name = Base; path = Base.lproj/Main.storyboard; sourceTree = "<group>"; };
		4CC87D4525136D9300A3B9BD /* Assets.xcassets */ = {isa = PBXFileReference; lastKnownFileType = folder.assetcatalog; path = Assets.xcassets; sourceTree = "<group>"; };
		4CC87D4825136D9300A3B9BD /* Base */ = {isa = PBXFileReference; lastKnownFileType = file.storyboard; name = Base; path = Base.lproj/LaunchScreen.storyboard; sourceTree = "<group>"; };
		4CC87D4A25136D9300A3B9BD /* Info.plist */ = {isa = PBXFileReference; lastKnownFileType = text.plist.xml; path = Info.plist; sourceTree = "<group>"; };
		4CE3139F251852F000553415 /* TransactionCell.swift */ = {isa = PBXFileReference; lastKnownFileType = sourcecode.swift; path = TransactionCell.swift; sourceTree = "<group>"; };
		4CE313A0251852F000553415 /* TransactionCell.xib */ = {isa = PBXFileReference; lastKnownFileType = file.xib; path = TransactionCell.xib; sourceTree = "<group>"; };
		4CE313A425187E1000553415 /* AddTransactionTableViewController.swift */ = {isa = PBXFileReference; fileEncoding = 4; lastKnownFileType = sourcecode.swift; path = AddTransactionTableViewController.swift; sourceTree = "<group>"; };
		4CE313AB2518B7AF00553415 /* DatePickerViewController.swift */ = {isa = PBXFileReference; fileEncoding = 4; lastKnownFileType = sourcecode.swift; path = DatePickerViewController.swift; sourceTree = "<group>"; };
		4CE313AC2518B7AF00553415 /* DatePickerViewController.xib */ = {isa = PBXFileReference; fileEncoding = 4; lastKnownFileType = file.xib; path = DatePickerViewController.xib; sourceTree = "<group>"; };
		70DB9EE76CD7B00F5ACA88F8 /* Pods-MoneyLoverClone.release.xcconfig */ = {isa = PBXFileReference; includeInIndex = 1; lastKnownFileType = text.xcconfig; name = "Pods-MoneyLoverClone.release.xcconfig"; path = "Target Support Files/Pods-MoneyLoverClone/Pods-MoneyLoverClone.release.xcconfig"; sourceTree = "<group>"; };
		BD40864802C1E086D24FBBAF /* Pods_MoneyLoverClone.framework */ = {isa = PBXFileReference; explicitFileType = wrapper.framework; includeInIndex = 0; path = Pods_MoneyLoverClone.framework; sourceTree = BUILT_PRODUCTS_DIR; };
/* End PBXFileReference section */

/* Begin PBXFrameworksBuildPhase section */
		4CC87D3625136D9100A3B9BD /* Frameworks */ = {
			isa = PBXFrameworksBuildPhase;
			buildActionMask = 2147483647;
			files = (
				B62151B15EDE3671C97DEB7F /* Pods_MoneyLoverClone.framework in Frameworks */,
			);
			runOnlyForDeploymentPostprocessing = 0;
		};
/* End PBXFrameworksBuildPhase section */

/* Begin PBXGroup section */
		19660107285E9819D7D3B341 /* Frameworks */ = {
			isa = PBXGroup;
			children = (
				BD40864802C1E086D24FBBAF /* Pods_MoneyLoverClone.framework */,
			);
			name = Frameworks;
			sourceTree = "<group>";
		};
		4C8DB90F25199EE100FABC11 /* NoteViewController */ = {
			isa = PBXGroup;
			children = (
				4C8DB91025199F2400FABC11 /* NoteViewController.swift */,
				4C8DB91125199F2400FABC11 /* NoteViewController.xib */,
			);
			path = NoteViewController;
			sourceTree = "<group>";
		};
		4C8DB91425199F4700FABC11 /* Unit */ = {
			isa = PBXGroup;
			children = (
				4C8DB91525199F8400FABC11 /* Storyboard.swift */,
			);
			path = Unit;
			sourceTree = "<group>";
		};
		4C8E4BE52514A885005B238B /* Model */ = {
			isa = PBXGroup;
			children = (
				4C8E4BF12514B767005B238B /* Year.swift */,
			);
			path = Model;
			sourceTree = "<group>";
		};
		4C8E4BE62514A88F005B238B /* ViewModel */ = {
			isa = PBXGroup;
			children = (
			);
			path = ViewModel;
			sourceTree = "<group>";
		};
		4C8E4BE92514A8A8005B238B /* Scenes */ = {
			isa = PBXGroup;
			children = (
				4CC87D4725136D9300A3B9BD /* LaunchScreen.storyboard */,
				4CC87D4225136D9100A3B9BD /* Main.storyboard */,
				4CE313A325187E1000553415 /* AddTransaction */,
				4C8E4BED2514AAAD005B238B /* Transactions */,
				4C8DB90F25199EE100FABC11 /* NoteViewController */,
			);
			path = Scenes;
			sourceTree = "<group>";
		};
		4C8E4BEA2514A911005B238B /* Data */ = {
			isa = PBXGroup;
			children = (
				4C8E4BE52514A885005B238B /* Model */,
				4C8E4BEE2514B65A005B238B /* Realm */,
			);
			path = Data;
			sourceTree = "<group>";
		};
		4C8E4BEB2514A926005B238B /* Application */ = {
			isa = PBXGroup;
			children = (
				4CC87D3C25136D9100A3B9BD /* AppDelegate.swift */,
				4CC87D3E25136D9100A3B9BD /* SceneDelegate.swift */,
			);
			path = Application;
			sourceTree = "<group>";
		};
		4C8E4BEC2514A961005B238B /* Resource */ = {
			isa = PBXGroup;
			children = (
				4CC87D4525136D9300A3B9BD /* Assets.xcassets */,
			);
			path = Resource;
			sourceTree = "<group>";
		};
		4C8E4BED2514AAAD005B238B /* Transactions */ = {
			isa = PBXGroup;
			children = (
				4CC87D4025136D9100A3B9BD /* TransactionsViewController.swift */,
				4C8E4BF32514BE6E005B238B /* Cell */,
			);
			path = Transactions;
			sourceTree = "<group>";
		};
		4C8E4BEE2514B65A005B238B /* Realm */ = {
			isa = PBXGroup;
			children = (
				4C8E4BEF2514B677005B238B /* RealmManager.swift */,
			);
			path = Realm;
			sourceTree = "<group>";
		};
		4C8E4BF32514BE6E005B238B /* Cell */ = {
			isa = PBXGroup;
			children = (
				4C8E4BF82514C332005B238B /* HeaderTransactionView.swift */,
				4C8E4BFA2514C33C005B238B /* HeaderTransactionView.xib */,
				4CE3139F251852F000553415 /* TransactionCell.swift */,
				4CE313A0251852F000553415 /* TransactionCell.xib */,
			);
			path = Cell;
			sourceTree = "<group>";
		};
		4CC87D3025136D9000A3B9BD = {
			isa = PBXGroup;
			children = (
				4CC87D3B25136D9100A3B9BD /* MoneyLoverClone */,
				4CC87D3A25136D9100A3B9BD /* Products */,
				BF16F7A49D65BA1E1208B742 /* Pods */,
				19660107285E9819D7D3B341 /* Frameworks */,
			);
			sourceTree = "<group>";
		};
		4CC87D3A25136D9100A3B9BD /* Products */ = {
			isa = PBXGroup;
			children = (
				4CC87D3925136D9100A3B9BD /* MoneyLoverClone.app */,
			);
			name = Products;
			sourceTree = "<group>";
		};
		4CC87D3B25136D9100A3B9BD /* MoneyLoverClone */ = {
			isa = PBXGroup;
			children = (
				4C8E4BEB2514A926005B238B /* Application */,
				4C8E4BEA2514A911005B238B /* Data */,
				4C8E4BE62514A88F005B238B /* ViewModel */,
				4C8E4BE92514A8A8005B238B /* Scenes */,
				4C8DB91425199F4700FABC11 /* Unit */,
				4C8E4BEC2514A961005B238B /* Resource */,
				4CC87D4A25136D9300A3B9BD /* Info.plist */,
			);
			path = MoneyLoverClone;
			sourceTree = "<group>";
		};
		4CE313A325187E1000553415 /* AddTransaction */ = {
			isa = PBXGroup;
			children = (
				4CE313A425187E1000553415 /* AddTransactionTableViewController.swift */,
				4CE313A6251882F600553415 /* CustomView */,
			);
			path = AddTransaction;
			sourceTree = "<group>";
		};
		4CE313A6251882F600553415 /* CustomView */ = {
			isa = PBXGroup;
			children = (
				4CE313AB2518B7AF00553415 /* DatePickerViewController.swift */,
				4CE313AC2518B7AF00553415 /* DatePickerViewController.xib */,
			);
			path = CustomView;
			sourceTree = "<group>";
		};
		BF16F7A49D65BA1E1208B742 /* Pods */ = {
			isa = PBXGroup;
			children = (
				069DC8AE5418ED689836699C /* Pods-MoneyLoverClone.debug.xcconfig */,
				70DB9EE76CD7B00F5ACA88F8 /* Pods-MoneyLoverClone.release.xcconfig */,
			);
			path = Pods;
			sourceTree = "<group>";
		};
/* End PBXGroup section */

/* Begin PBXNativeTarget section */
		4CC87D3825136D9100A3B9BD /* MoneyLoverClone */ = {
			isa = PBXNativeTarget;
			buildConfigurationList = 4CC87D4D25136D9300A3B9BD /* Build configuration list for PBXNativeTarget "MoneyLoverClone" */;
			buildPhases = (
				A9F8D54C295FDA9F666046C7 /* [CP] Check Pods Manifest.lock */,
				4CC87D3525136D9100A3B9BD /* Sources */,
				4CC87D3625136D9100A3B9BD /* Frameworks */,
				4CC87D3725136D9100A3B9BD /* Resources */,
				B4A9E07B42D9803F8F72A4BD /* [CP] Embed Pods Frameworks */,
				811D2F89178ED299841C7160 /* [CP] Copy Pods Resources */,
				4C8E4BE42514A23C005B238B /* ShellScript */,
			);
			buildRules = (
			);
			dependencies = (
			);
			name = MoneyLoverClone;
			productName = MoneyLoverClone;
			productReference = 4CC87D3925136D9100A3B9BD /* MoneyLoverClone.app */;
			productType = "com.apple.product-type.application";
		};
/* End PBXNativeTarget section */

/* Begin PBXProject section */
		4CC87D3125136D9000A3B9BD /* Project object */ = {
			isa = PBXProject;
			attributes = {
				LastSwiftUpdateCheck = 1160;
				LastUpgradeCheck = 1160;
				ORGANIZATIONNAME = "Vu Xuan Cuong";
				TargetAttributes = {
					4CC87D3825136D9100A3B9BD = {
						CreatedOnToolsVersion = 11.6;
					};
				};
			};
			buildConfigurationList = 4CC87D3425136D9000A3B9BD /* Build configuration list for PBXProject "MoneyLoverClone" */;
			compatibilityVersion = "Xcode 9.3";
			developmentRegion = en;
			hasScannedForEncodings = 0;
			knownRegions = (
				en,
				Base,
			);
			mainGroup = 4CC87D3025136D9000A3B9BD;
			productRefGroup = 4CC87D3A25136D9100A3B9BD /* Products */;
			projectDirPath = "";
			projectRoot = "";
			targets = (
				4CC87D3825136D9100A3B9BD /* MoneyLoverClone */,
			);
		};
/* End PBXProject section */

/* Begin PBXResourcesBuildPhase section */
		4CC87D3725136D9100A3B9BD /* Resources */ = {
			isa = PBXResourcesBuildPhase;
			buildActionMask = 2147483647;
			files = (
				4CC87D4925136D9300A3B9BD /* LaunchScreen.storyboard in Resources */,
				4CC87D4625136D9300A3B9BD /* Assets.xcassets in Resources */,
				4C8DB91325199F2400FABC11 /* NoteViewController.xib in Resources */,
				4C8E4BFB2514C33C005B238B /* HeaderTransactionView.xib in Resources */,
				4CC87D4425136D9100A3B9BD /* Main.storyboard in Resources */,
				4CE313AE2518B7AF00553415 /* DatePickerViewController.xib in Resources */,
				4CE313A2251852F000553415 /* TransactionCell.xib in Resources */,
			);
			runOnlyForDeploymentPostprocessing = 0;
		};
/* End PBXResourcesBuildPhase section */

/* Begin PBXShellScriptBuildPhase section */
		4C8E4BE42514A23C005B238B /* ShellScript */ = {
			isa = PBXShellScriptBuildPhase;
			buildActionMask = 2147483647;
			files = (
			);
			inputFileListPaths = (
			);
			inputPaths = (
			);
			outputFileListPaths = (
			);
			outputPaths = (
			);
			runOnlyForDeploymentPostprocessing = 0;
			shellPath = /bin/sh;
			shellScript = "# Type a script or drag a script file from your workspace to insert its path.\nif which swiftlint >/dev/null; then\n  swiftlint\nelse\n  echo \"warning: SwiftLint not installed, download from https://github.com/realm/SwiftLint\"\nfi\n";
		};
		811D2F89178ED299841C7160 /* [CP] Copy Pods Resources */ = {
			isa = PBXShellScriptBuildPhase;
			buildActionMask = 2147483647;
			files = (
			);
			inputFileListPaths = (
				"${PODS_ROOT}/Target Support Files/Pods-MoneyLoverClone/Pods-MoneyLoverClone-resources-${CONFIGURATION}-input-files.xcfilelist",
			);
			name = "[CP] Copy Pods Resources";
			outputFileListPaths = (
				"${PODS_ROOT}/Target Support Files/Pods-MoneyLoverClone/Pods-MoneyLoverClone-resources-${CONFIGURATION}-output-files.xcfilelist",
			);
			runOnlyForDeploymentPostprocessing = 0;
			shellPath = /bin/sh;
			shellScript = "\"${PODS_ROOT}/Target Support Files/Pods-MoneyLoverClone/Pods-MoneyLoverClone-resources.sh\"\n";
			showEnvVarsInLog = 0;
		};
		A9F8D54C295FDA9F666046C7 /* [CP] Check Pods Manifest.lock */ = {
			isa = PBXShellScriptBuildPhase;
			buildActionMask = 2147483647;
			files = (
			);
			inputFileListPaths = (
			);
			inputPaths = (
				"${PODS_PODFILE_DIR_PATH}/Podfile.lock",
				"${PODS_ROOT}/Manifest.lock",
			);
			name = "[CP] Check Pods Manifest.lock";
			outputFileListPaths = (
			);
			outputPaths = (
				"$(DERIVED_FILE_DIR)/Pods-MoneyLoverClone-checkManifestLockResult.txt",
			);
			runOnlyForDeploymentPostprocessing = 0;
			shellPath = /bin/sh;
			shellScript = "diff \"${PODS_PODFILE_DIR_PATH}/Podfile.lock\" \"${PODS_ROOT}/Manifest.lock\" > /dev/null\nif [ $? != 0 ] ; then\n    # print error to STDERR\n    echo \"error: The sandbox is not in sync with the Podfile.lock. Run 'pod install' or update your CocoaPods installation.\" >&2\n    exit 1\nfi\n# This output is used by Xcode 'outputs' to avoid re-running this script phase.\necho \"SUCCESS\" > \"${SCRIPT_OUTPUT_FILE_0}\"\n";
			showEnvVarsInLog = 0;
		};
		B4A9E07B42D9803F8F72A4BD /* [CP] Embed Pods Frameworks */ = {
			isa = PBXShellScriptBuildPhase;
			buildActionMask = 2147483647;
			files = (
			);
			inputFileListPaths = (
				"${PODS_ROOT}/Target Support Files/Pods-MoneyLoverClone/Pods-MoneyLoverClone-frameworks-${CONFIGURATION}-input-files.xcfilelist",
			);
			name = "[CP] Embed Pods Frameworks";
			outputFileListPaths = (
				"${PODS_ROOT}/Target Support Files/Pods-MoneyLoverClone/Pods-MoneyLoverClone-frameworks-${CONFIGURATION}-output-files.xcfilelist",
			);
			runOnlyForDeploymentPostprocessing = 0;
			shellPath = /bin/sh;
			shellScript = "\"${PODS_ROOT}/Target Support Files/Pods-MoneyLoverClone/Pods-MoneyLoverClone-frameworks.sh\"\n";
			showEnvVarsInLog = 0;
		};
/* End PBXShellScriptBuildPhase section */

/* Begin PBXSourcesBuildPhase section */
		4CC87D3525136D9100A3B9BD /* Sources */ = {
			isa = PBXSourcesBuildPhase;
			buildActionMask = 2147483647;
			files = (
				4CE313A525187E1000553415 /* AddTransactionTableViewController.swift in Sources */,
				4C8DB91625199F8400FABC11 /* Storyboard.swift in Sources */,
				4CE313A1251852F000553415 /* TransactionCell.swift in Sources */,
				4CC87D4125136D9100A3B9BD /* TransactionsViewController.swift in Sources */,
				4C8E4BF02514B677005B238B /* RealmManager.swift in Sources */,
				4C8E4BF22514B767005B238B /* Year.swift in Sources */,
				4CE313AD2518B7AF00553415 /* DatePickerViewController.swift in Sources */,
				4C8E4BF92514C332005B238B /* HeaderTransactionView.swift in Sources */,
				4CC87D3D25136D9100A3B9BD /* AppDelegate.swift in Sources */,
				4C8DB91225199F2400FABC11 /* NoteViewController.swift in Sources */,
				4CC87D3F25136D9100A3B9BD /* SceneDelegate.swift in Sources */,
			);
			runOnlyForDeploymentPostprocessing = 0;
		};
/* End PBXSourcesBuildPhase section */

/* Begin PBXVariantGroup section */
		4CC87D4225136D9100A3B9BD /* Main.storyboard */ = {
			isa = PBXVariantGroup;
			children = (
				4CC87D4325136D9100A3B9BD /* Base */,
			);
			name = Main.storyboard;
			sourceTree = "<group>";
		};
		4CC87D4725136D9300A3B9BD /* LaunchScreen.storyboard */ = {
			isa = PBXVariantGroup;
			children = (
				4CC87D4825136D9300A3B9BD /* Base */,
			);
			name = LaunchScreen.storyboard;
			sourceTree = "<group>";
		};
/* End PBXVariantGroup section */

/* Begin XCBuildConfiguration section */
		4CC87D4B25136D9300A3B9BD /* Debug */ = {
			isa = XCBuildConfiguration;
			buildSettings = {
				ALWAYS_SEARCH_USER_PATHS = NO;
				CLANG_ANALYZER_NONNULL = YES;
				CLANG_ANALYZER_NUMBER_OBJECT_CONVERSION = YES_AGGRESSIVE;
				CLANG_CXX_LANGUAGE_STANDARD = "gnu++14";
				CLANG_CXX_LIBRARY = "libc++";
				CLANG_ENABLE_MODULES = YES;
				CLANG_ENABLE_OBJC_ARC = YES;
				CLANG_ENABLE_OBJC_WEAK = YES;
				CLANG_WARN_BLOCK_CAPTURE_AUTORELEASING = YES;
				CLANG_WARN_BOOL_CONVERSION = YES;
				CLANG_WARN_COMMA = YES;
				CLANG_WARN_CONSTANT_CONVERSION = YES;
				CLANG_WARN_DEPRECATED_OBJC_IMPLEMENTATIONS = YES;
				CLANG_WARN_DIRECT_OBJC_ISA_USAGE = YES_ERROR;
				CLANG_WARN_DOCUMENTATION_COMMENTS = YES;
				CLANG_WARN_EMPTY_BODY = YES;
				CLANG_WARN_ENUM_CONVERSION = YES;
				CLANG_WARN_INFINITE_RECURSION = YES;
				CLANG_WARN_INT_CONVERSION = YES;
				CLANG_WARN_NON_LITERAL_NULL_CONVERSION = YES;
				CLANG_WARN_OBJC_IMPLICIT_RETAIN_SELF = YES;
				CLANG_WARN_OBJC_LITERAL_CONVERSION = YES;
				CLANG_WARN_OBJC_ROOT_CLASS = YES_ERROR;
				CLANG_WARN_RANGE_LOOP_ANALYSIS = YES;
				CLANG_WARN_STRICT_PROTOTYPES = YES;
				CLANG_WARN_SUSPICIOUS_MOVE = YES;
				CLANG_WARN_UNGUARDED_AVAILABILITY = YES_AGGRESSIVE;
				CLANG_WARN_UNREACHABLE_CODE = YES;
				CLANG_WARN__DUPLICATE_METHOD_MATCH = YES;
				COPY_PHASE_STRIP = NO;
				DEBUG_INFORMATION_FORMAT = dwarf;
				ENABLE_STRICT_OBJC_MSGSEND = YES;
				ENABLE_TESTABILITY = YES;
				GCC_C_LANGUAGE_STANDARD = gnu11;
				GCC_DYNAMIC_NO_PIC = NO;
				GCC_NO_COMMON_BLOCKS = YES;
				GCC_OPTIMIZATION_LEVEL = 0;
				GCC_PREPROCESSOR_DEFINITIONS = (
					"DEBUG=1",
					"$(inherited)",
				);
				GCC_WARN_64_TO_32_BIT_CONVERSION = YES;
				GCC_WARN_ABOUT_RETURN_TYPE = YES_ERROR;
				GCC_WARN_UNDECLARED_SELECTOR = YES;
				GCC_WARN_UNINITIALIZED_AUTOS = YES_AGGRESSIVE;
				GCC_WARN_UNUSED_FUNCTION = YES;
				GCC_WARN_UNUSED_VARIABLE = YES;
				IPHONEOS_DEPLOYMENT_TARGET = 13.6;
				MTL_ENABLE_DEBUG_INFO = INCLUDE_SOURCE;
				MTL_FAST_MATH = YES;
				ONLY_ACTIVE_ARCH = YES;
				SDKROOT = iphoneos;
				SWIFT_ACTIVE_COMPILATION_CONDITIONS = DEBUG;
				SWIFT_OPTIMIZATION_LEVEL = "-Onone";
			};
			name = Debug;
		};
		4CC87D4C25136D9300A3B9BD /* Release */ = {
			isa = XCBuildConfiguration;
			buildSettings = {
				ALWAYS_SEARCH_USER_PATHS = NO;
				CLANG_ANALYZER_NONNULL = YES;
				CLANG_ANALYZER_NUMBER_OBJECT_CONVERSION = YES_AGGRESSIVE;
				CLANG_CXX_LANGUAGE_STANDARD = "gnu++14";
				CLANG_CXX_LIBRARY = "libc++";
				CLANG_ENABLE_MODULES = YES;
				CLANG_ENABLE_OBJC_ARC = YES;
				CLANG_ENABLE_OBJC_WEAK = YES;
				CLANG_WARN_BLOCK_CAPTURE_AUTORELEASING = YES;
				CLANG_WARN_BOOL_CONVERSION = YES;
				CLANG_WARN_COMMA = YES;
				CLANG_WARN_CONSTANT_CONVERSION = YES;
				CLANG_WARN_DEPRECATED_OBJC_IMPLEMENTATIONS = YES;
				CLANG_WARN_DIRECT_OBJC_ISA_USAGE = YES_ERROR;
				CLANG_WARN_DOCUMENTATION_COMMENTS = YES;
				CLANG_WARN_EMPTY_BODY = YES;
				CLANG_WARN_ENUM_CONVERSION = YES;
				CLANG_WARN_INFINITE_RECURSION = YES;
				CLANG_WARN_INT_CONVERSION = YES;
				CLANG_WARN_NON_LITERAL_NULL_CONVERSION = YES;
				CLANG_WARN_OBJC_IMPLICIT_RETAIN_SELF = YES;
				CLANG_WARN_OBJC_LITERAL_CONVERSION = YES;
				CLANG_WARN_OBJC_ROOT_CLASS = YES_ERROR;
				CLANG_WARN_RANGE_LOOP_ANALYSIS = YES;
				CLANG_WARN_STRICT_PROTOTYPES = YES;
				CLANG_WARN_SUSPICIOUS_MOVE = YES;
				CLANG_WARN_UNGUARDED_AVAILABILITY = YES_AGGRESSIVE;
				CLANG_WARN_UNREACHABLE_CODE = YES;
				CLANG_WARN__DUPLICATE_METHOD_MATCH = YES;
				COPY_PHASE_STRIP = NO;
				DEBUG_INFORMATION_FORMAT = "dwarf-with-dsym";
				ENABLE_NS_ASSERTIONS = NO;
				ENABLE_STRICT_OBJC_MSGSEND = YES;
				GCC_C_LANGUAGE_STANDARD = gnu11;
				GCC_NO_COMMON_BLOCKS = YES;
				GCC_WARN_64_TO_32_BIT_CONVERSION = YES;
				GCC_WARN_ABOUT_RETURN_TYPE = YES_ERROR;
				GCC_WARN_UNDECLARED_SELECTOR = YES;
				GCC_WARN_UNINITIALIZED_AUTOS = YES_AGGRESSIVE;
				GCC_WARN_UNUSED_FUNCTION = YES;
				GCC_WARN_UNUSED_VARIABLE = YES;
				IPHONEOS_DEPLOYMENT_TARGET = 13.6;
				MTL_ENABLE_DEBUG_INFO = NO;
				MTL_FAST_MATH = YES;
				SDKROOT = iphoneos;
				SWIFT_COMPILATION_MODE = wholemodule;
				SWIFT_OPTIMIZATION_LEVEL = "-O";
				VALIDATE_PRODUCT = YES;
			};
			name = Release;
		};
		4CC87D4E25136D9300A3B9BD /* Debug */ = {
			isa = XCBuildConfiguration;
			baseConfigurationReference = 069DC8AE5418ED689836699C /* Pods-MoneyLoverClone.debug.xcconfig */;
			buildSettings = {
				ASSETCATALOG_COMPILER_APPICON_NAME = AppIcon;
				CODE_SIGN_STYLE = Automatic;
				INFOPLIST_FILE = MoneyLoverClone/Info.plist;
				LD_RUNPATH_SEARCH_PATHS = (
					"$(inherited)",
					"@executable_path/Frameworks",
				);
				PRODUCT_BUNDLE_IDENTIFIER = IOS.MoneyLoverClone;
				PRODUCT_NAME = "$(TARGET_NAME)";
				SWIFT_VERSION = 5.0;
				TARGETED_DEVICE_FAMILY = "1,2";
			};
			name = Debug;
		};
		4CC87D4F25136D9300A3B9BD /* Release */ = {
			isa = XCBuildConfiguration;
			baseConfigurationReference = 70DB9EE76CD7B00F5ACA88F8 /* Pods-MoneyLoverClone.release.xcconfig */;
			buildSettings = {
				ASSETCATALOG_COMPILER_APPICON_NAME = AppIcon;
				CODE_SIGN_STYLE = Automatic;
				INFOPLIST_FILE = MoneyLoverClone/Info.plist;
				LD_RUNPATH_SEARCH_PATHS = (
					"$(inherited)",
					"@executable_path/Frameworks",
				);
				PRODUCT_BUNDLE_IDENTIFIER = IOS.MoneyLoverClone;
				PRODUCT_NAME = "$(TARGET_NAME)";
				SWIFT_VERSION = 5.0;
				TARGETED_DEVICE_FAMILY = "1,2";
			};
			name = Release;
		};
/* End XCBuildConfiguration section */

/* Begin XCConfigurationList section */
		4CC87D3425136D9000A3B9BD /* Build configuration list for PBXProject "MoneyLoverClone" */ = {
			isa = XCConfigurationList;
			buildConfigurations = (
				4CC87D4B25136D9300A3B9BD /* Debug */,
				4CC87D4C25136D9300A3B9BD /* Release */,
			);
			defaultConfigurationIsVisible = 0;
			defaultConfigurationName = Release;
		};
		4CC87D4D25136D9300A3B9BD /* Build configuration list for PBXNativeTarget "MoneyLoverClone" */ = {
			isa = XCConfigurationList;
			buildConfigurations = (
				4CC87D4E25136D9300A3B9BD /* Debug */,
				4CC87D4F25136D9300A3B9BD /* Release */,
			);
			defaultConfigurationIsVisible = 0;
			defaultConfigurationName = Release;
		};
/* End XCConfigurationList section */
	};
	rootObject = 4CC87D3125136D9000A3B9BD /* Project object */;
}
